// !$*UTF8*$!
{
	archiveVersion = 1;
	classes = {
	};
	objectVersion = 46;
	objects = {

/* Begin PBXBuildFile section */
		B11D5FE71FA933EF002F417B /* TextCache.swift in Sources */ = {isa = PBXBuildFile; fileRef = B11D5FE61FA933EF002F417B /* TextCache.swift */; };
		B11D60051FA93EC6002F417B /* TheodoliteAsyncLayer.h in Headers */ = {isa = PBXBuildFile; fileRef = B11D5FFA1FA93EC3002F417B /* TheodoliteAsyncLayer.h */; settings = {ATTRIBUTES = (Public, ); }; };
		B11D60061FA93EC6002F417B /* TheodoliteAsyncLayerInternal.h in Headers */ = {isa = PBXBuildFile; fileRef = B11D5FFB1FA93EC3002F417B /* TheodoliteAsyncLayerInternal.h */; };
		B11D60071FA93EC6002F417B /* TheodoliteAsyncTransactionGroup.h in Headers */ = {isa = PBXBuildFile; fileRef = B11D5FFC1FA93EC4002F417B /* TheodoliteAsyncTransactionGroup.h */; };
		B11D60081FA93EC6002F417B /* TheodoliteAsyncTransaction.h in Headers */ = {isa = PBXBuildFile; fileRef = B11D5FFD1FA93EC4002F417B /* TheodoliteAsyncTransaction.h */; };
		B11D60091FA93EC6002F417B /* TheodoliteAsyncTransaction.m in Sources */ = {isa = PBXBuildFile; fileRef = B11D5FFE1FA93EC4002F417B /* TheodoliteAsyncTransaction.m */; };
		B11D600A1FA93EC6002F417B /* TheodoliteAsyncTransactionContainer.m in Sources */ = {isa = PBXBuildFile; fileRef = B11D5FFF1FA93EC5002F417B /* TheodoliteAsyncTransactionContainer.m */; };
		B11D600B1FA93EC6002F417B /* TheodoliteAsyncTransactionContainer.h in Headers */ = {isa = PBXBuildFile; fileRef = B11D60001FA93EC5002F417B /* TheodoliteAsyncTransactionContainer.h */; };
		B11D600C1FA93EC6002F417B /* TheodoliteAsyncTransactionGroup.m in Sources */ = {isa = PBXBuildFile; fileRef = B11D60011FA93EC5002F417B /* TheodoliteAsyncTransactionGroup.m */; };
		B11D600D1FA93EC6002F417B /* TheodoliteAsyncTransactionContainer+Private.h in Headers */ = {isa = PBXBuildFile; fileRef = B11D60021FA93EC5002F417B /* TheodoliteAsyncTransactionContainer+Private.h */; };
		B11D600E1FA93EC6002F417B /* TheodoliteAsyncLayer.mm in Sources */ = {isa = PBXBuildFile; fileRef = B11D60031FA93EC5002F417B /* TheodoliteAsyncLayer.mm */; };
		B11D600F1FA93EC6002F417B /* TheodoliteAsyncLayerSubclass.h in Headers */ = {isa = PBXBuildFile; fileRef = B11D60041FA93EC5002F417B /* TheodoliteAsyncLayerSubclass.h */; settings = {ATTRIBUTES = (Public, ); }; };
		B11D60111FA93EDD002F417B /* TextKitLayer.swift in Sources */ = {isa = PBXBuildFile; fileRef = B11D60101FA93EDD002F417B /* TextKitLayer.swift */; };
		B11F220F1FADEDCC005CBD23 /* ScopedResponder.swift in Sources */ = {isa = PBXBuildFile; fileRef = B11F220E1FADEDCC005CBD23 /* ScopedResponder.swift */; };
		B11F22171FADF5DB005CBD23 /* ScopedResponderTests.swift in Sources */ = {isa = PBXBuildFile; fileRef = B11F22161FADF5DB005CBD23 /* ScopedResponderTests.swift */; };
		B1257D431FF5897400EDA775 /* ButtonComponent.swift in Sources */ = {isa = PBXBuildFile; fileRef = B1257D421FF5897400EDA775 /* ButtonComponent.swift */; };
		B12916041FA2A36D006D269B /* ScrollComponent.swift in Sources */ = {isa = PBXBuildFile; fileRef = B12916031FA2A36D006D269B /* ScrollComponent.swift */; };
		B12B7DE61FA34F7C004DC3F4 /* Flexbox.framework in Frameworks */ = {isa = PBXBuildFile; fileRef = B1658B5A1F9B6A8C000EC8CC /* Flexbox.framework */; };
		B136BE521F8D5741001EE264 /* Theodolite.framework in Frameworks */ = {isa = PBXBuildFile; fileRef = B136BE481F8D5741001EE264 /* Theodolite.framework */; };
		B136BE571F8D5741001EE264 /* TheodoliteTests.swift in Sources */ = {isa = PBXBuildFile; fileRef = B136BE561F8D5741001EE264 /* TheodoliteTests.swift */; };
		B136BE591F8D5741001EE264 /* Theodolite.h in Headers */ = {isa = PBXBuildFile; fileRef = B136BE4B1F8D5741001EE264 /* Theodolite.h */; settings = {ATTRIBUTES = (Public, ); }; };
		B136BEAF1F8D69C9001EE264 /* Component.swift in Sources */ = {isa = PBXBuildFile; fileRef = B136BEAB1F8D69C9001EE264 /* Component.swift */; };
		B136BEB01F8D69C9001EE264 /* Layout.swift in Sources */ = {isa = PBXBuildFile; fileRef = B136BEAC1F8D69C9001EE264 /* Layout.swift */; };
		B136BEB11F8D69C9001EE264 /* Scope.swift in Sources */ = {isa = PBXBuildFile; fileRef = B136BEAD1F8D69C9001EE264 /* Scope.swift */; };
		B136BEB21F8D69C9001EE264 /* TypedComponent.swift in Sources */ = {isa = PBXBuildFile; fileRef = B136BEAE1F8D69C9001EE264 /* TypedComponent.swift */; };
		B136BEB41F8D69DC001EE264 /* Utilities.swift in Sources */ = {isa = PBXBuildFile; fileRef = B136BEB31F8D69DC001EE264 /* Utilities.swift */; };
		B136BEB71F8D69E8001EE264 /* ViewConfiguration.swift in Sources */ = {isa = PBXBuildFile; fileRef = B136BEB51F8D69E8001EE264 /* ViewConfiguration.swift */; };
		B136BEB81F8D69E8001EE264 /* ViewPool.swift in Sources */ = {isa = PBXBuildFile; fileRef = B136BEB61F8D69E8001EE264 /* ViewPool.swift */; };
		B136BEBA1F8D6C8D001EE264 /* ActionTests.swift in Sources */ = {isa = PBXBuildFile; fileRef = B136BEB91F8D6C8D001EE264 /* ActionTests.swift */; };
		B136BEBC1F8D6DD2001EE264 /* Action.swift in Sources */ = {isa = PBXBuildFile; fileRef = B136BEBB1F8D6DD2001EE264 /* Action.swift */; };
		B136BEBE1F8D8F39001EE264 /* ScopeTests.swift in Sources */ = {isa = PBXBuildFile; fileRef = B136BEBD1F8D8F39001EE264 /* ScopeTests.swift */; };
		B136BEC01F8EF7CC001EE264 /* InternalTypedComponent.swift in Sources */ = {isa = PBXBuildFile; fileRef = B136BEBF1F8EF7CC001EE264 /* InternalTypedComponent.swift */; settings = {COMPILER_FLAGS = "-Wnodeprecated-declarations"; }; };
		B136BEC21F8EF96B001EE264 /* ScopeRoot.swift in Sources */ = {isa = PBXBuildFile; fileRef = B136BEC11F8EF96B001EE264 /* ScopeRoot.swift */; };
		B136BEC41F8EF989001EE264 /* ScopeHandle.swift in Sources */ = {isa = PBXBuildFile; fileRef = B136BEC31F8EF989001EE264 /* ScopeHandle.swift */; };
		B136BEC61F8EFA04001EE264 /* ViewPoolTests.swift in Sources */ = {isa = PBXBuildFile; fileRef = B136BEC51F8EFA04001EE264 /* ViewPoolTests.swift */; };
		B136BEC81F8EFCA5001EE264 /* StateUpdateListener.swift in Sources */ = {isa = PBXBuildFile; fileRef = B136BEC71F8EFCA5001EE264 /* StateUpdateListener.swift */; };
		B136BECA1F8EFCED001EE264 /* ViewPoolMap.swift in Sources */ = {isa = PBXBuildFile; fileRef = B136BEC91F8EFCED001EE264 /* ViewPoolMap.swift */; };
		B136BECC1F8EFD17001EE264 /* ViewAttribute.swift in Sources */ = {isa = PBXBuildFile; fileRef = B136BECB1F8EFD17001EE264 /* ViewAttribute.swift */; };
		B136BECE1F8EFD98001EE264 /* ViewConfigurationTests.swift in Sources */ = {isa = PBXBuildFile; fileRef = B136BECD1F8EFD98001EE264 /* ViewConfigurationTests.swift */; };
		B136BED01F8EFDA3001EE264 /* ViewAttributeTests.swift in Sources */ = {isa = PBXBuildFile; fileRef = B136BECF1F8EFDA3001EE264 /* ViewAttributeTests.swift */; };
		B136BED21F8EFDAF001EE264 /* ViewPoolMapTests.swift in Sources */ = {isa = PBXBuildFile; fileRef = B136BED11F8EFDAF001EE264 /* ViewPoolMapTests.swift */; };
		B137B9E71FA16D5C009BE1E3 /* TypedComponentMounting.swift in Sources */ = {isa = PBXBuildFile; fileRef = B137B9E61FA16D5C009BE1E3 /* TypedComponentMounting.swift */; };
		B137B9E91FA16DAE009BE1E3 /* TypedComponentState.swift in Sources */ = {isa = PBXBuildFile; fileRef = B137B9E81FA16DAE009BE1E3 /* TypedComponentState.swift */; };
		B137B9EB1FA16E09009BE1E3 /* TypedComponentProps.swift in Sources */ = {isa = PBXBuildFile; fileRef = B137B9EA1FA16E09009BE1E3 /* TypedComponentProps.swift */; };
		B139CB621FDAC1D6000876E1 /* EntryPointComponent.swift in Sources */ = {isa = PBXBuildFile; fileRef = B139CB611FDAC1D6000876E1 /* EntryPointComponent.swift */; };
		B140BD79206C0001001907A0 /* OverlayComponent.swift in Sources */ = {isa = PBXBuildFile; fileRef = B140BD78206C0001001907A0 /* OverlayComponent.swift */; };
		B140BD81206D44B0001907A0 /* OverlayComponentSnapshotTests.swift in Sources */ = {isa = PBXBuildFile; fileRef = B140BD80206D44B0001907A0 /* OverlayComponentSnapshotTests.swift */; };
		B143E5DB1FC073A500DB4655 /* ListComponent.swift in Sources */ = {isa = PBXBuildFile; fileRef = B143E5DA1FC073A500DB4655 /* ListComponent.swift */; };
		B143E5DD1FC07FE500DB4655 /* Trigger.swift in Sources */ = {isa = PBXBuildFile; fileRef = B143E5DC1FC07FE500DB4655 /* Trigger.swift */; };
		B143E5DF1FC080D800DB4655 /* TriggerTests.swift in Sources */ = {isa = PBXBuildFile; fileRef = B143E5DE1FC080D800DB4655 /* TriggerTests.swift */; };
		B143E5F41FC1EBAA00DB4655 /* InfiniteLoadComponent.swift in Sources */ = {isa = PBXBuildFile; fileRef = B143E5F31FC1EBAA00DB4655 /* InfiniteLoadComponent.swift */; };
		B143E5FC1FC1EE9700DB4655 /* ActivityIndicatorComponent.swift in Sources */ = {isa = PBXBuildFile; fileRef = B143E5FB1FC1EE9700DB4655 /* ActivityIndicatorComponent.swift */; };
		B15612951F904F4F00AA21ED /* UtilitiesTests.swift in Sources */ = {isa = PBXBuildFile; fileRef = B15612941F904F4F00AA21ED /* UtilitiesTests.swift */; };
		B1574DDA1FA681E000E91D09 /* ComponentLayout.swift in Sources */ = {isa = PBXBuildFile; fileRef = B1574DD91FA681E000E91D09 /* ComponentLayout.swift */; };
		B1574DE21FA6852600E91D09 /* ComponentContext.swift in Sources */ = {isa = PBXBuildFile; fileRef = B1574DE11FA6852600E91D09 /* ComponentContext.swift */; };
		B15966D41FA7C01900FEDC5C /* TextComponentSnapshotTests.swift in Sources */ = {isa = PBXBuildFile; fileRef = B15966D31FA7C01900FEDC5C /* TextComponentSnapshotTests.swift */; };
		B15966E61FA7C41800FEDC5C /* ImageComponent.swift in Sources */ = {isa = PBXBuildFile; fileRef = B15966E51FA7C41800FEDC5C /* ImageComponent.swift */; };
		B15967021FA7D93000FEDC5C /* ComponentViewController.swift in Sources */ = {isa = PBXBuildFile; fileRef = B15967011FA7D93000FEDC5C /* ComponentViewController.swift */; };
		B15967081FA7DCE900FEDC5C /* TextKitTests.swift in Sources */ = {isa = PBXBuildFile; fileRef = B15967071FA7DCE900FEDC5C /* TextKitTests.swift */; };
		B15967121FA7DDE200FEDC5C /* ComponentHostingViewSnapshotTests.swift in Sources */ = {isa = PBXBuildFile; fileRef = B15967111FA7DDE200FEDC5C /* ComponentHostingViewSnapshotTests.swift */; };
		B15967141FA7E1A200FEDC5C /* ComponentKeyTests.swift in Sources */ = {isa = PBXBuildFile; fileRef = B15967131FA7E1A200FEDC5C /* ComponentKeyTests.swift */; };
		B15967161FA7E85C00FEDC5C /* TapComponentSnapshotTests.swift in Sources */ = {isa = PBXBuildFile; fileRef = B15967151FA7E85C00FEDC5C /* TapComponentSnapshotTests.swift */; };
		B15967181FA7E95500FEDC5C /* ImageComponentSnapshotTests.swift in Sources */ = {isa = PBXBuildFile; fileRef = B15967171FA7E95500FEDC5C /* ImageComponentSnapshotTests.swift */; };
		B1658B5F1F9B6AF4000EC8CC /* FlexboxComponent.swift in Sources */ = {isa = PBXBuildFile; fileRef = B1658B5E1F9B6AF4000EC8CC /* FlexboxComponent.swift */; };
		B170C5F11FA89A3300B398DC /* ViewComponent.swift in Sources */ = {isa = PBXBuildFile; fileRef = B170C5F01FA89A3300B398DC /* ViewComponent.swift */; };
		B170C5F91FA89BBA00B398DC /* SizeComponent.swift in Sources */ = {isa = PBXBuildFile; fileRef = B170C5F81FA89BBA00B398DC /* SizeComponent.swift */; };
		B17765761FF6BBA20017DDE9 /* ButtonComponentSnapshotTests.swift in Sources */ = {isa = PBXBuildFile; fileRef = B17765751FF6BBA20017DDE9 /* ButtonComponentSnapshotTests.swift */; };
		B18262121FA356E800D41A8A /* ScrollComponentSnapshotTests.swift in Sources */ = {isa = PBXBuildFile; fileRef = B18262111FA356E800D41A8A /* ScrollComponentSnapshotTests.swift */; };
		B18262261FA4D9F400D41A8A /* InsetComponent.swift in Sources */ = {isa = PBXBuildFile; fileRef = B18262251FA4D9F400D41A8A /* InsetComponent.swift */; };
		B18262301FA4DD6900D41A8A /* InsetComponentSnapshotTests.swift in Sources */ = {isa = PBXBuildFile; fileRef = B182622F1FA4DD6900D41A8A /* InsetComponentSnapshotTests.swift */; };
		B18262511FA55F8900D41A8A /* TapAttribute.swift in Sources */ = {isa = PBXBuildFile; fileRef = B18262501FA55F8900D41A8A /* TapAttribute.swift */; };
		B18262A81FA57EDC00D41A8A /* TapComponent.swift in Sources */ = {isa = PBXBuildFile; fileRef = B18262A71FA57EDC00D41A8A /* TapComponent.swift */; };
		B18623CE2039C9B400D3DF6B /* IntersectionCache.swift in Sources */ = {isa = PBXBuildFile; fileRef = B18623CD2039C9B400D3DF6B /* IntersectionCache.swift */; };
		B18750C01FA6B44300C4DA47 /* TextKitAttributes.swift in Sources */ = {isa = PBXBuildFile; fileRef = B18750BF1FA6B44300C4DA47 /* TextKitAttributes.swift */; };
		B18750C21FA6B6F300C4DA47 /* TextKitContext.swift in Sources */ = {isa = PBXBuildFile; fileRef = B18750C11FA6B6F300C4DA47 /* TextKitContext.swift */; };
		B18750C41FA6B9BA00C4DA47 /* TextKitRenderer.swift in Sources */ = {isa = PBXBuildFile; fileRef = B18750C31FA6B9BA00C4DA47 /* TextKitRenderer.swift */; };
		B18750C81FA6C14400C4DA47 /* TextKitView.swift in Sources */ = {isa = PBXBuildFile; fileRef = B18750C71FA6C14400C4DA47 /* TextKitView.swift */; };
		B18750CA1FA6C25600C4DA47 /* TextComponent.swift in Sources */ = {isa = PBXBuildFile; fileRef = B18750C91FA6C25600C4DA47 /* TextComponent.swift */; };
		B18750CC1FA745AB00C4DA47 /* LabelComponentSnapshotTests.swift in Sources */ = {isa = PBXBuildFile; fileRef = B18750CB1FA745AB00C4DA47 /* LabelComponentSnapshotTests.swift */; };
		B1987C081FAE722D007A6DC0 /* ComponentViewControllerSnapshotTests.swift in Sources */ = {isa = PBXBuildFile; fileRef = B1987C071FAE722D007A6DC0 /* ComponentViewControllerSnapshotTests.swift */; };
		B19BBD2A1F9061E700116386 /* FBSnapshotTestCase.framework in Frameworks */ = {isa = PBXBuildFile; fileRef = B19BBD231F9061D100116386 /* FBSnapshotTestCase.framework */; };
		B19BBD2C1F90620E00116386 /* ViewMountTests.swift in Sources */ = {isa = PBXBuildFile; fileRef = B19BBD2B1F90620E00116386 /* ViewMountTests.swift */; };
		B1B511F91FA1793100B854F0 /* MountContext.swift in Sources */ = {isa = PBXBuildFile; fileRef = B1B511F81FA1793100B854F0 /* MountContext.swift */; };
		B1BEB8841F928A09002A049A /* StandardViewAttributes.swift in Sources */ = {isa = PBXBuildFile; fileRef = B1BEB8831F928A09002A049A /* StandardViewAttributes.swift */; };
		B1C14FD81F995414005A8CBE /* LabelComponent.swift in Sources */ = {isa = PBXBuildFile; fileRef = B1C14FD71F995413005A8CBE /* LabelComponent.swift */; };
		B1C14FDB1F995438005A8CBE /* ComponentHostingView.swift in Sources */ = {isa = PBXBuildFile; fileRef = B1C14FDA1F995438005A8CBE /* ComponentHostingView.swift */; };
		B1DE013C206D4D0700BBE93B /* BackgroundComponent.swift in Sources */ = {isa = PBXBuildFile; fileRef = B1DE013B206D4D0700BBE93B /* BackgroundComponent.swift */; };
		B1DE013E206D4E3400BBE93B /* BackgroundComponentSnapshotTests.swift in Sources */ = {isa = PBXBuildFile; fileRef = B1DE013D206D4E3400BBE93B /* BackgroundComponentSnapshotTests.swift */; };
		B1E6C61F1FAD21570018CE8A /* PullToRefreshComponent.swift in Sources */ = {isa = PBXBuildFile; fileRef = B1E6C61E1FAD21570018CE8A /* PullToRefreshComponent.swift */; };
		B1EC97FB1F90E88F0086A5D7 /* ComponentTree.swift in Sources */ = {isa = PBXBuildFile; fileRef = B1EC97FA1F90E88F0086A5D7 /* ComponentTree.swift */; };
		B1EFED8120633B1F00AD6F41 /* IntersectionCacheTests.swift in Sources */ = {isa = PBXBuildFile; fileRef = B1EFED8020633B1F00AD6F41 /* IntersectionCacheTests.swift */; };
		B1F16E761FA9E7630037CD9B /* GestureTestAdditions.swift in Sources */ = {isa = PBXBuildFile; fileRef = B1F16E751FA9E7630037CD9B /* GestureTestAdditions.swift */; };
		B1F16E781FA9EB2D0037CD9B /* ComponentMemoizationTests.swift in Sources */ = {isa = PBXBuildFile; fileRef = B1F16E771FA9EB2D0037CD9B /* ComponentMemoizationTests.swift */; };
		B1FC9C351F9E1328006249FC /* IteratorWrapper.swift in Sources */ = {isa = PBXBuildFile; fileRef = B1FC9C341F9E1328006249FC /* IteratorWrapper.swift */; };
		B1FC9C3D1FA00A55006249FC /* StandardViewAttributesTests.swift in Sources */ = {isa = PBXBuildFile; fileRef = B1FC9C3C1FA00A55006249FC /* StandardViewAttributesTests.swift */; };
		B1FC9C451FA00A83006249FC /* SnapshotHelper.swift in Sources */ = {isa = PBXBuildFile; fileRef = B1FC9C441FA00A83006249FC /* SnapshotHelper.swift */; };
		B1FC9C481FA023E2006249FC /* LayoutDebug.swift in Sources */ = {isa = PBXBuildFile; fileRef = B1FC9C471FA023E2006249FC /* LayoutDebug.swift */; };
/* End PBXBuildFile section */

/* Begin PBXContainerItemProxy section */
		B136BE531F8D5741001EE264 /* PBXContainerItemProxy */ = {
			isa = PBXContainerItemProxy;
			containerPortal = B136BE3F1F8D5741001EE264 /* Project object */;
			proxyType = 1;
			remoteGlobalIDString = B136BE471F8D5741001EE264;
			remoteInfo = Theodolite;
		};
		B1658B591F9B6A8C000EC8CC /* PBXContainerItemProxy */ = {
			isa = PBXContainerItemProxy;
			containerPortal = B1658B501F9B6A8C000EC8CC /* Flexbox.xcodeproj */;
			proxyType = 2;
			remoteGlobalIDString = 48FB18A71DD584520027B8B1;
			remoteInfo = Flexbox;
		};
		B1658B5B1F9B6A8C000EC8CC /* PBXContainerItemProxy */ = {
			isa = PBXContainerItemProxy;
			containerPortal = B1658B501F9B6A8C000EC8CC /* Flexbox.xcodeproj */;
			proxyType = 2;
			remoteGlobalIDString = 48FB18B01DD584520027B8B1;
			remoteInfo = FlexboxTests;
		};
		B19BBD221F9061D100116386 /* PBXContainerItemProxy */ = {
			isa = PBXContainerItemProxy;
			containerPortal = B19BBD1B1F9061D100116386 /* FBSnapshotTestCase.xcodeproj */;
			proxyType = 2;
			remoteGlobalIDString = B31987F01AB782D000B0A900;
			remoteInfo = "FBSnapshotTestCase iOS";
		};
		B19BBD241F9061D100116386 /* PBXContainerItemProxy */ = {
			isa = PBXContainerItemProxy;
			containerPortal = B19BBD1B1F9061D100116386 /* FBSnapshotTestCase.xcodeproj */;
			proxyType = 2;
			remoteGlobalIDString = B31987FB1AB782D100B0A900;
			remoteInfo = "FBSnapshotTestCase iOS Tests";
		};
		B19BBD261F9061D100116386 /* PBXContainerItemProxy */ = {
			isa = PBXContainerItemProxy;
			containerPortal = B19BBD1B1F9061D100116386 /* FBSnapshotTestCase.xcodeproj */;
			proxyType = 2;
			remoteGlobalIDString = 8271377A1C63AB6F00354E42;
			remoteInfo = "FBSnapshotTestCase tvOS";
		};
		B19BBD281F9061D100116386 /* PBXContainerItemProxy */ = {
			isa = PBXContainerItemProxy;
			containerPortal = B19BBD1B1F9061D100116386 /* FBSnapshotTestCase.xcodeproj */;
			proxyType = 2;
			remoteGlobalIDString = 827137831C63AB7000354E42;
			remoteInfo = "FBSnapshotTestCase tvOS Tests";
		};
/* End PBXContainerItemProxy section */

/* Begin PBXFileReference section */
		B11D5FE61FA933EF002F417B /* TextCache.swift */ = {isa = PBXFileReference; lastKnownFileType = sourcecode.swift; path = TextCache.swift; sourceTree = "<group>"; };
		B11D5FFA1FA93EC3002F417B /* TheodoliteAsyncLayer.h */ = {isa = PBXFileReference; fileEncoding = 4; lastKnownFileType = sourcecode.c.h; path = TheodoliteAsyncLayer.h; sourceTree = "<group>"; };
		B11D5FFB1FA93EC3002F417B /* TheodoliteAsyncLayerInternal.h */ = {isa = PBXFileReference; fileEncoding = 4; lastKnownFileType = sourcecode.c.h; path = TheodoliteAsyncLayerInternal.h; sourceTree = "<group>"; };
		B11D5FFC1FA93EC4002F417B /* TheodoliteAsyncTransactionGroup.h */ = {isa = PBXFileReference; fileEncoding = 4; lastKnownFileType = sourcecode.c.h; path = TheodoliteAsyncTransactionGroup.h; sourceTree = "<group>"; };
		B11D5FFD1FA93EC4002F417B /* TheodoliteAsyncTransaction.h */ = {isa = PBXFileReference; fileEncoding = 4; lastKnownFileType = sourcecode.c.h; path = TheodoliteAsyncTransaction.h; sourceTree = "<group>"; };
		B11D5FFE1FA93EC4002F417B /* TheodoliteAsyncTransaction.m */ = {isa = PBXFileReference; fileEncoding = 4; lastKnownFileType = sourcecode.c.objc; path = TheodoliteAsyncTransaction.m; sourceTree = "<group>"; };
		B11D5FFF1FA93EC5002F417B /* TheodoliteAsyncTransactionContainer.m */ = {isa = PBXFileReference; fileEncoding = 4; lastKnownFileType = sourcecode.c.objc; path = TheodoliteAsyncTransactionContainer.m; sourceTree = "<group>"; };
		B11D60001FA93EC5002F417B /* TheodoliteAsyncTransactionContainer.h */ = {isa = PBXFileReference; fileEncoding = 4; lastKnownFileType = sourcecode.c.h; path = TheodoliteAsyncTransactionContainer.h; sourceTree = "<group>"; };
		B11D60011FA93EC5002F417B /* TheodoliteAsyncTransactionGroup.m */ = {isa = PBXFileReference; fileEncoding = 4; lastKnownFileType = sourcecode.c.objc; path = TheodoliteAsyncTransactionGroup.m; sourceTree = "<group>"; };
		B11D60021FA93EC5002F417B /* TheodoliteAsyncTransactionContainer+Private.h */ = {isa = PBXFileReference; fileEncoding = 4; lastKnownFileType = sourcecode.c.h; path = "TheodoliteAsyncTransactionContainer+Private.h"; sourceTree = "<group>"; };
		B11D60031FA93EC5002F417B /* TheodoliteAsyncLayer.mm */ = {isa = PBXFileReference; fileEncoding = 4; lastKnownFileType = sourcecode.cpp.objcpp; path = TheodoliteAsyncLayer.mm; sourceTree = "<group>"; };
		B11D60041FA93EC5002F417B /* TheodoliteAsyncLayerSubclass.h */ = {isa = PBXFileReference; fileEncoding = 4; lastKnownFileType = sourcecode.c.h; path = TheodoliteAsyncLayerSubclass.h; sourceTree = "<group>"; };
		B11D60101FA93EDD002F417B /* TextKitLayer.swift */ = {isa = PBXFileReference; lastKnownFileType = sourcecode.swift; path = TextKitLayer.swift; sourceTree = "<group>"; };
		B11D60121FA93FA3002F417B /* TheodoliteMacros.h */ = {isa = PBXFileReference; lastKnownFileType = sourcecode.c.h; path = TheodoliteMacros.h; sourceTree = "<group>"; };
		B11F220E1FADEDCC005CBD23 /* ScopedResponder.swift */ = {isa = PBXFileReference; lastKnownFileType = sourcecode.swift; path = ScopedResponder.swift; sourceTree = "<group>"; };
		B11F22161FADF5DB005CBD23 /* ScopedResponderTests.swift */ = {isa = PBXFileReference; lastKnownFileType = sourcecode.swift; path = ScopedResponderTests.swift; sourceTree = "<group>"; };
		B1257D421FF5897400EDA775 /* ButtonComponent.swift */ = {isa = PBXFileReference; lastKnownFileType = sourcecode.swift; path = ButtonComponent.swift; sourceTree = "<group>"; };
		B12916031FA2A36D006D269B /* ScrollComponent.swift */ = {isa = PBXFileReference; lastKnownFileType = sourcecode.swift; path = ScrollComponent.swift; sourceTree = "<group>"; };
		B136BE481F8D5741001EE264 /* Theodolite.framework */ = {isa = PBXFileReference; explicitFileType = wrapper.framework; includeInIndex = 0; path = Theodolite.framework; sourceTree = BUILT_PRODUCTS_DIR; };
		B136BE4B1F8D5741001EE264 /* Theodolite.h */ = {isa = PBXFileReference; lastKnownFileType = sourcecode.c.h; path = Theodolite.h; sourceTree = "<group>"; };
		B136BE4C1F8D5741001EE264 /* Info.plist */ = {isa = PBXFileReference; lastKnownFileType = text.plist.xml; path = Info.plist; sourceTree = "<group>"; };
		B136BE511F8D5741001EE264 /* TheodoliteTests.xctest */ = {isa = PBXFileReference; explicitFileType = wrapper.cfbundle; includeInIndex = 0; path = TheodoliteTests.xctest; sourceTree = BUILT_PRODUCTS_DIR; };
		B136BE561F8D5741001EE264 /* TheodoliteTests.swift */ = {isa = PBXFileReference; lastKnownFileType = sourcecode.swift; path = TheodoliteTests.swift; sourceTree = "<group>"; };
		B136BE581F8D5741001EE264 /* Info.plist */ = {isa = PBXFileReference; lastKnownFileType = text.plist.xml; path = Info.plist; sourceTree = "<group>"; };
		B136BEAB1F8D69C9001EE264 /* Component.swift */ = {isa = PBXFileReference; fileEncoding = 4; lastKnownFileType = sourcecode.swift; path = Component.swift; sourceTree = "<group>"; };
		B136BEAC1F8D69C9001EE264 /* Layout.swift */ = {isa = PBXFileReference; fileEncoding = 4; lastKnownFileType = sourcecode.swift; path = Layout.swift; sourceTree = "<group>"; };
		B136BEAD1F8D69C9001EE264 /* Scope.swift */ = {isa = PBXFileReference; fileEncoding = 4; lastKnownFileType = sourcecode.swift; path = Scope.swift; sourceTree = "<group>"; };
		B136BEAE1F8D69C9001EE264 /* TypedComponent.swift */ = {isa = PBXFileReference; fileEncoding = 4; lastKnownFileType = sourcecode.swift; path = TypedComponent.swift; sourceTree = "<group>"; };
		B136BEB31F8D69DC001EE264 /* Utilities.swift */ = {isa = PBXFileReference; fileEncoding = 4; lastKnownFileType = sourcecode.swift; path = Utilities.swift; sourceTree = "<group>"; };
		B136BEB51F8D69E8001EE264 /* ViewConfiguration.swift */ = {isa = PBXFileReference; fileEncoding = 4; lastKnownFileType = sourcecode.swift; path = ViewConfiguration.swift; sourceTree = "<group>"; };
		B136BEB61F8D69E8001EE264 /* ViewPool.swift */ = {isa = PBXFileReference; fileEncoding = 4; lastKnownFileType = sourcecode.swift; path = ViewPool.swift; sourceTree = "<group>"; };
		B136BEB91F8D6C8D001EE264 /* ActionTests.swift */ = {isa = PBXFileReference; fileEncoding = 4; lastKnownFileType = sourcecode.swift; path = ActionTests.swift; sourceTree = "<group>"; };
		B136BEBB1F8D6DD2001EE264 /* Action.swift */ = {isa = PBXFileReference; fileEncoding = 4; lastKnownFileType = sourcecode.swift; path = Action.swift; sourceTree = "<group>"; };
		B136BEBD1F8D8F39001EE264 /* ScopeTests.swift */ = {isa = PBXFileReference; fileEncoding = 4; lastKnownFileType = sourcecode.swift; path = ScopeTests.swift; sourceTree = "<group>"; };
		B136BEBF1F8EF7CC001EE264 /* InternalTypedComponent.swift */ = {isa = PBXFileReference; fileEncoding = 4; lastKnownFileType = sourcecode.swift; path = InternalTypedComponent.swift; sourceTree = "<group>"; };
		B136BEC11F8EF96B001EE264 /* ScopeRoot.swift */ = {isa = PBXFileReference; fileEncoding = 4; lastKnownFileType = sourcecode.swift; path = ScopeRoot.swift; sourceTree = "<group>"; };
		B136BEC31F8EF989001EE264 /* ScopeHandle.swift */ = {isa = PBXFileReference; fileEncoding = 4; lastKnownFileType = sourcecode.swift; path = ScopeHandle.swift; sourceTree = "<group>"; };
		B136BEC51F8EFA04001EE264 /* ViewPoolTests.swift */ = {isa = PBXFileReference; fileEncoding = 4; lastKnownFileType = sourcecode.swift; path = ViewPoolTests.swift; sourceTree = "<group>"; };
		B136BEC71F8EFCA5001EE264 /* StateUpdateListener.swift */ = {isa = PBXFileReference; fileEncoding = 4; lastKnownFileType = sourcecode.swift; path = StateUpdateListener.swift; sourceTree = "<group>"; };
		B136BEC91F8EFCED001EE264 /* ViewPoolMap.swift */ = {isa = PBXFileReference; fileEncoding = 4; lastKnownFileType = sourcecode.swift; path = ViewPoolMap.swift; sourceTree = "<group>"; };
		B136BECB1F8EFD17001EE264 /* ViewAttribute.swift */ = {isa = PBXFileReference; fileEncoding = 4; lastKnownFileType = sourcecode.swift; path = ViewAttribute.swift; sourceTree = "<group>"; };
		B136BECD1F8EFD98001EE264 /* ViewConfigurationTests.swift */ = {isa = PBXFileReference; fileEncoding = 4; lastKnownFileType = sourcecode.swift; path = ViewConfigurationTests.swift; sourceTree = "<group>"; };
		B136BECF1F8EFDA3001EE264 /* ViewAttributeTests.swift */ = {isa = PBXFileReference; fileEncoding = 4; lastKnownFileType = sourcecode.swift; path = ViewAttributeTests.swift; sourceTree = "<group>"; };
		B136BED11F8EFDAF001EE264 /* ViewPoolMapTests.swift */ = {isa = PBXFileReference; fileEncoding = 4; lastKnownFileType = sourcecode.swift; path = ViewPoolMapTests.swift; sourceTree = "<group>"; };
		B137B9E61FA16D5C009BE1E3 /* TypedComponentMounting.swift */ = {isa = PBXFileReference; lastKnownFileType = sourcecode.swift; path = TypedComponentMounting.swift; sourceTree = "<group>"; };
		B137B9E81FA16DAE009BE1E3 /* TypedComponentState.swift */ = {isa = PBXFileReference; lastKnownFileType = sourcecode.swift; path = TypedComponentState.swift; sourceTree = "<group>"; };
		B137B9EA1FA16E09009BE1E3 /* TypedComponentProps.swift */ = {isa = PBXFileReference; lastKnownFileType = sourcecode.swift; path = TypedComponentProps.swift; sourceTree = "<group>"; };
		B139CB611FDAC1D6000876E1 /* EntryPointComponent.swift */ = {isa = PBXFileReference; lastKnownFileType = sourcecode.swift; path = EntryPointComponent.swift; sourceTree = "<group>"; };
		B140BD78206C0001001907A0 /* OverlayComponent.swift */ = {isa = PBXFileReference; lastKnownFileType = sourcecode.swift; path = OverlayComponent.swift; sourceTree = "<group>"; };
		B140BD80206D44B0001907A0 /* OverlayComponentSnapshotTests.swift */ = {isa = PBXFileReference; lastKnownFileType = sourcecode.swift; path = OverlayComponentSnapshotTests.swift; sourceTree = "<group>"; };
		B143E5DA1FC073A500DB4655 /* ListComponent.swift */ = {isa = PBXFileReference; lastKnownFileType = sourcecode.swift; path = ListComponent.swift; sourceTree = "<group>"; };
		B143E5DC1FC07FE500DB4655 /* Trigger.swift */ = {isa = PBXFileReference; lastKnownFileType = sourcecode.swift; path = Trigger.swift; sourceTree = "<group>"; };
		B143E5DE1FC080D800DB4655 /* TriggerTests.swift */ = {isa = PBXFileReference; lastKnownFileType = sourcecode.swift; path = TriggerTests.swift; sourceTree = "<group>"; };
		B143E5F31FC1EBAA00DB4655 /* InfiniteLoadComponent.swift */ = {isa = PBXFileReference; lastKnownFileType = sourcecode.swift; path = InfiniteLoadComponent.swift; sourceTree = "<group>"; };
		B143E5FB1FC1EE9700DB4655 /* ActivityIndicatorComponent.swift */ = {isa = PBXFileReference; lastKnownFileType = sourcecode.swift; path = ActivityIndicatorComponent.swift; sourceTree = "<group>"; };
		B15612941F904F4F00AA21ED /* UtilitiesTests.swift */ = {isa = PBXFileReference; fileEncoding = 4; lastKnownFileType = sourcecode.swift; path = UtilitiesTests.swift; sourceTree = "<group>"; };
		B1574DD91FA681E000E91D09 /* ComponentLayout.swift */ = {isa = PBXFileReference; lastKnownFileType = sourcecode.swift; path = ComponentLayout.swift; sourceTree = "<group>"; };
		B1574DE11FA6852600E91D09 /* ComponentContext.swift */ = {isa = PBXFileReference; lastKnownFileType = sourcecode.swift; path = ComponentContext.swift; sourceTree = "<group>"; };
		B15966D31FA7C01900FEDC5C /* TextComponentSnapshotTests.swift */ = {isa = PBXFileReference; lastKnownFileType = sourcecode.swift; path = TextComponentSnapshotTests.swift; sourceTree = "<group>"; };
		B15966E51FA7C41800FEDC5C /* ImageComponent.swift */ = {isa = PBXFileReference; lastKnownFileType = sourcecode.swift; path = ImageComponent.swift; sourceTree = "<group>"; };
		B15967011FA7D93000FEDC5C /* ComponentViewController.swift */ = {isa = PBXFileReference; lastKnownFileType = sourcecode.swift; path = ComponentViewController.swift; sourceTree = "<group>"; };
		B15967071FA7DCE900FEDC5C /* TextKitTests.swift */ = {isa = PBXFileReference; lastKnownFileType = sourcecode.swift; path = TextKitTests.swift; sourceTree = "<group>"; };
		B15967111FA7DDE200FEDC5C /* ComponentHostingViewSnapshotTests.swift */ = {isa = PBXFileReference; lastKnownFileType = sourcecode.swift; path = ComponentHostingViewSnapshotTests.swift; sourceTree = "<group>"; };
		B15967131FA7E1A200FEDC5C /* ComponentKeyTests.swift */ = {isa = PBXFileReference; lastKnownFileType = sourcecode.swift; path = ComponentKeyTests.swift; sourceTree = "<group>"; };
		B15967151FA7E85C00FEDC5C /* TapComponentSnapshotTests.swift */ = {isa = PBXFileReference; lastKnownFileType = sourcecode.swift; path = TapComponentSnapshotTests.swift; sourceTree = "<group>"; };
		B15967171FA7E95500FEDC5C /* ImageComponentSnapshotTests.swift */ = {isa = PBXFileReference; lastKnownFileType = sourcecode.swift; path = ImageComponentSnapshotTests.swift; sourceTree = "<group>"; };
		B1658B501F9B6A8C000EC8CC /* Flexbox.xcodeproj */ = {isa = PBXFileReference; lastKnownFileType = "wrapper.pb-project"; name = Flexbox.xcodeproj; path = Carthage/Checkouts/Flexbox/Flexbox.xcodeproj; sourceTree = "<group>"; };
		B1658B5E1F9B6AF4000EC8CC /* FlexboxComponent.swift */ = {isa = PBXFileReference; fileEncoding = 4; lastKnownFileType = sourcecode.swift; path = FlexboxComponent.swift; sourceTree = "<group>"; };
		B170C5F01FA89A3300B398DC /* ViewComponent.swift */ = {isa = PBXFileReference; lastKnownFileType = sourcecode.swift; path = ViewComponent.swift; sourceTree = "<group>"; };
		B170C5F81FA89BBA00B398DC /* SizeComponent.swift */ = {isa = PBXFileReference; lastKnownFileType = sourcecode.swift; path = SizeComponent.swift; sourceTree = "<group>"; };
		B17765751FF6BBA20017DDE9 /* ButtonComponentSnapshotTests.swift */ = {isa = PBXFileReference; lastKnownFileType = sourcecode.swift; path = ButtonComponentSnapshotTests.swift; sourceTree = "<group>"; };
		B18262111FA356E800D41A8A /* ScrollComponentSnapshotTests.swift */ = {isa = PBXFileReference; lastKnownFileType = sourcecode.swift; path = ScrollComponentSnapshotTests.swift; sourceTree = "<group>"; };
		B18262251FA4D9F400D41A8A /* InsetComponent.swift */ = {isa = PBXFileReference; lastKnownFileType = sourcecode.swift; path = InsetComponent.swift; sourceTree = "<group>"; };
		B182622F1FA4DD6900D41A8A /* InsetComponentSnapshotTests.swift */ = {isa = PBXFileReference; lastKnownFileType = sourcecode.swift; path = InsetComponentSnapshotTests.swift; sourceTree = "<group>"; };
		B18262501FA55F8900D41A8A /* TapAttribute.swift */ = {isa = PBXFileReference; lastKnownFileType = sourcecode.swift; path = TapAttribute.swift; sourceTree = "<group>"; };
		B18262A71FA57EDC00D41A8A /* TapComponent.swift */ = {isa = PBXFileReference; lastKnownFileType = sourcecode.swift; path = TapComponent.swift; sourceTree = "<group>"; };
		B18623CD2039C9B400D3DF6B /* IntersectionCache.swift */ = {isa = PBXFileReference; lastKnownFileType = sourcecode.swift; path = IntersectionCache.swift; sourceTree = "<group>"; };
		B18750BF1FA6B44300C4DA47 /* TextKitAttributes.swift */ = {isa = PBXFileReference; lastKnownFileType = sourcecode.swift; path = TextKitAttributes.swift; sourceTree = "<group>"; };
		B18750C11FA6B6F300C4DA47 /* TextKitContext.swift */ = {isa = PBXFileReference; lastKnownFileType = sourcecode.swift; path = TextKitContext.swift; sourceTree = "<group>"; };
		B18750C31FA6B9BA00C4DA47 /* TextKitRenderer.swift */ = {isa = PBXFileReference; lastKnownFileType = sourcecode.swift; path = TextKitRenderer.swift; sourceTree = "<group>"; };
		B18750C71FA6C14400C4DA47 /* TextKitView.swift */ = {isa = PBXFileReference; lastKnownFileType = sourcecode.swift; path = TextKitView.swift; sourceTree = "<group>"; };
		B18750C91FA6C25600C4DA47 /* TextComponent.swift */ = {isa = PBXFileReference; lastKnownFileType = sourcecode.swift; path = TextComponent.swift; sourceTree = "<group>"; };
		B18750CB1FA745AB00C4DA47 /* LabelComponentSnapshotTests.swift */ = {isa = PBXFileReference; lastKnownFileType = sourcecode.swift; path = LabelComponentSnapshotTests.swift; sourceTree = "<group>"; };
		B1987C071FAE722D007A6DC0 /* ComponentViewControllerSnapshotTests.swift */ = {isa = PBXFileReference; lastKnownFileType = sourcecode.swift; path = ComponentViewControllerSnapshotTests.swift; sourceTree = "<group>"; };
		B19BBD1B1F9061D100116386 /* FBSnapshotTestCase.xcodeproj */ = {isa = PBXFileReference; lastKnownFileType = "wrapper.pb-project"; name = FBSnapshotTestCase.xcodeproj; path = "Carthage/Checkouts/ios-snapshot-test-case/FBSnapshotTestCase.xcodeproj"; sourceTree = "<group>"; };
		B19BBD2B1F90620E00116386 /* ViewMountTests.swift */ = {isa = PBXFileReference; fileEncoding = 4; lastKnownFileType = sourcecode.swift; path = ViewMountTests.swift; sourceTree = "<group>"; };
		B1B511F81FA1793100B854F0 /* MountContext.swift */ = {isa = PBXFileReference; lastKnownFileType = sourcecode.swift; path = MountContext.swift; sourceTree = "<group>"; };
		B1BEB8831F928A09002A049A /* StandardViewAttributes.swift */ = {isa = PBXFileReference; fileEncoding = 4; lastKnownFileType = sourcecode.swift; path = StandardViewAttributes.swift; sourceTree = "<group>"; };
		B1C14FD71F995413005A8CBE /* LabelComponent.swift */ = {isa = PBXFileReference; fileEncoding = 4; lastKnownFileType = sourcecode.swift; path = LabelComponent.swift; sourceTree = "<group>"; };
		B1C14FDA1F995438005A8CBE /* ComponentHostingView.swift */ = {isa = PBXFileReference; fileEncoding = 4; lastKnownFileType = sourcecode.swift; path = ComponentHostingView.swift; sourceTree = "<group>"; };
		B1DE013B206D4D0700BBE93B /* BackgroundComponent.swift */ = {isa = PBXFileReference; lastKnownFileType = sourcecode.swift; path = BackgroundComponent.swift; sourceTree = "<group>"; };
		B1DE013D206D4E3400BBE93B /* BackgroundComponentSnapshotTests.swift */ = {isa = PBXFileReference; lastKnownFileType = sourcecode.swift; path = BackgroundComponentSnapshotTests.swift; sourceTree = "<group>"; };
		B1E6C61E1FAD21570018CE8A /* PullToRefreshComponent.swift */ = {isa = PBXFileReference; fileEncoding = 4; lastKnownFileType = sourcecode.swift; path = PullToRefreshComponent.swift; sourceTree = "<group>"; };
		B1EC97FA1F90E88F0086A5D7 /* ComponentTree.swift */ = {isa = PBXFileReference; fileEncoding = 4; lastKnownFileType = sourcecode.swift; path = ComponentTree.swift; sourceTree = "<group>"; };
		B1EFED8020633B1F00AD6F41 /* IntersectionCacheTests.swift */ = {isa = PBXFileReference; lastKnownFileType = sourcecode.swift; path = IntersectionCacheTests.swift; sourceTree = "<group>"; };
		B1F16E751FA9E7630037CD9B /* GestureTestAdditions.swift */ = {isa = PBXFileReference; lastKnownFileType = sourcecode.swift; path = GestureTestAdditions.swift; sourceTree = "<group>"; };
		B1F16E771FA9EB2D0037CD9B /* ComponentMemoizationTests.swift */ = {isa = PBXFileReference; lastKnownFileType = sourcecode.swift; path = ComponentMemoizationTests.swift; sourceTree = "<group>"; };
		B1FC9C341F9E1328006249FC /* IteratorWrapper.swift */ = {isa = PBXFileReference; lastKnownFileType = sourcecode.swift; path = IteratorWrapper.swift; sourceTree = "<group>"; };
		B1FC9C3C1FA00A55006249FC /* StandardViewAttributesTests.swift */ = {isa = PBXFileReference; lastKnownFileType = sourcecode.swift; path = StandardViewAttributesTests.swift; sourceTree = "<group>"; };
		B1FC9C441FA00A83006249FC /* SnapshotHelper.swift */ = {isa = PBXFileReference; lastKnownFileType = sourcecode.swift; path = SnapshotHelper.swift; sourceTree = "<group>"; };
		B1FC9C471FA023E2006249FC /* LayoutDebug.swift */ = {isa = PBXFileReference; lastKnownFileType = sourcecode.swift; path = LayoutDebug.swift; sourceTree = "<group>"; };
/* End PBXFileReference section */

/* Begin PBXFrameworksBuildPhase section */
		B136BE441F8D5741001EE264 /* Frameworks */ = {
			isa = PBXFrameworksBuildPhase;
			buildActionMask = 2147483647;
			files = (
				B12B7DE61FA34F7C004DC3F4 /* Flexbox.framework in Frameworks */,
			);
			runOnlyForDeploymentPostprocessing = 0;
		};
		B136BE4E1F8D5741001EE264 /* Frameworks */ = {
			isa = PBXFrameworksBuildPhase;
			buildActionMask = 2147483647;
			files = (
				B19BBD2A1F9061E700116386 /* FBSnapshotTestCase.framework in Frameworks */,
				B136BE521F8D5741001EE264 /* Theodolite.framework in Frameworks */,
			);
			runOnlyForDeploymentPostprocessing = 0;
		};
/* End PBXFrameworksBuildPhase section */

/* Begin PBXGroup section */
		B11D5FF31FA93EAE002F417B /* Async */ = {
			isa = PBXGroup;
			children = (
				B11D5FFA1FA93EC3002F417B /* TheodoliteAsyncLayer.h */,
				B11D60031FA93EC5002F417B /* TheodoliteAsyncLayer.mm */,
				B11D5FFB1FA93EC3002F417B /* TheodoliteAsyncLayerInternal.h */,
				B11D60041FA93EC5002F417B /* TheodoliteAsyncLayerSubclass.h */,
				B11D5FFD1FA93EC4002F417B /* TheodoliteAsyncTransaction.h */,
				B11D5FFE1FA93EC4002F417B /* TheodoliteAsyncTransaction.m */,
				B11D60001FA93EC5002F417B /* TheodoliteAsyncTransactionContainer.h */,
				B11D5FFF1FA93EC5002F417B /* TheodoliteAsyncTransactionContainer.m */,
				B11D60021FA93EC5002F417B /* TheodoliteAsyncTransactionContainer+Private.h */,
				B11D5FFC1FA93EC4002F417B /* TheodoliteAsyncTransactionGroup.h */,
				B11D60011FA93EC5002F417B /* TheodoliteAsyncTransactionGroup.m */,
				B11D60121FA93FA3002F417B /* TheodoliteMacros.h */,
			);
			path = Async;
			sourceTree = "<group>";
		};
		B12B7DE31FA34F7C004DC3F4 /* Frameworks */ = {
			isa = PBXGroup;
			children = (
			);
			name = Frameworks;
			sourceTree = "<group>";
		};
		B136BE3E1F8D5741001EE264 = {
			isa = PBXGroup;
			children = (
				B136BE4A1F8D5741001EE264 /* Theodolite */,
				B136BE551F8D5741001EE264 /* TheodoliteTests */,
				B19BBD1A1F9061C200116386 /* Vendor */,
				B136BE491F8D5741001EE264 /* Products */,
				B12B7DE31FA34F7C004DC3F4 /* Frameworks */,
			);
			sourceTree = "<group>";
		};
		B136BE491F8D5741001EE264 /* Products */ = {
			isa = PBXGroup;
			children = (
				B136BE481F8D5741001EE264 /* Theodolite.framework */,
				B136BE511F8D5741001EE264 /* TheodoliteTests.xctest */,
			);
			name = Products;
			sourceTree = "<group>";
		};
		B136BE4A1F8D5741001EE264 /* Theodolite */ = {
			isa = PBXGroup;
			children = (
				B18262421FA55E9D00D41A8A /* Actions */,
				B1FC9C461FA023C5006249FC /* Debug */,
				B136BEA81F8D6727001EE264 /* Core */,
				B1C14FD91F995421005A8CBE /* Integration */,
				B1C14FD21F9953F0005A8CBE /* UI */,
				B136BEAA1F8D673E001EE264 /* Utility */,
				B136BEA91F8D6734001EE264 /* View */,
				B136BE4B1F8D5741001EE264 /* Theodolite.h */,
				B136BE4C1F8D5741001EE264 /* Info.plist */,
			);
			path = Theodolite;
			sourceTree = "<group>";
		};
		B136BE551F8D5741001EE264 /* TheodoliteTests */ = {
			isa = PBXGroup;
			children = (
				B136BE581F8D5741001EE264 /* Info.plist */,
				B136BEB91F8D6C8D001EE264 /* ActionTests.swift */,
				B143E5DE1FC080D800DB4655 /* TriggerTests.swift */,
				B15967111FA7DDE200FEDC5C /* ComponentHostingViewSnapshotTests.swift */,
				B1987C071FAE722D007A6DC0 /* ComponentViewControllerSnapshotTests.swift */,
				B15967131FA7E1A200FEDC5C /* ComponentKeyTests.swift */,
				B1F16E771FA9EB2D0037CD9B /* ComponentMemoizationTests.swift */,
				B1F16E751FA9E7630037CD9B /* GestureTestAdditions.swift */,
				B15967171FA7E95500FEDC5C /* ImageComponentSnapshotTests.swift */,
				B182622F1FA4DD6900D41A8A /* InsetComponentSnapshotTests.swift */,
				B1EFED8020633B1F00AD6F41 /* IntersectionCacheTests.swift */,
				B18750CB1FA745AB00C4DA47 /* LabelComponentSnapshotTests.swift */,
				B140BD80206D44B0001907A0 /* OverlayComponentSnapshotTests.swift */,
				B1DE013D206D4E3400BBE93B /* BackgroundComponentSnapshotTests.swift */,
				B17765751FF6BBA20017DDE9 /* ButtonComponentSnapshotTests.swift */,
				B136BEBD1F8D8F39001EE264 /* ScopeTests.swift */,
				B11F22161FADF5DB005CBD23 /* ScopedResponderTests.swift */,
				B18262111FA356E800D41A8A /* ScrollComponentSnapshotTests.swift */,
				B1FC9C441FA00A83006249FC /* SnapshotHelper.swift */,
				B1FC9C3C1FA00A55006249FC /* StandardViewAttributesTests.swift */,
				B15967151FA7E85C00FEDC5C /* TapComponentSnapshotTests.swift */,
				B15966D31FA7C01900FEDC5C /* TextComponentSnapshotTests.swift */,
				B15967071FA7DCE900FEDC5C /* TextKitTests.swift */,
				B136BE561F8D5741001EE264 /* TheodoliteTests.swift */,
				B15612941F904F4F00AA21ED /* UtilitiesTests.swift */,
				B136BECF1F8EFDA3001EE264 /* ViewAttributeTests.swift */,
				B136BECD1F8EFD98001EE264 /* ViewConfigurationTests.swift */,
				B19BBD2B1F90620E00116386 /* ViewMountTests.swift */,
				B136BED11F8EFDAF001EE264 /* ViewPoolMapTests.swift */,
				B136BEC51F8EFA04001EE264 /* ViewPoolTests.swift */,
			);
			path = TheodoliteTests;
			sourceTree = "<group>";
		};
		B136BEA81F8D6727001EE264 /* Core */ = {
			isa = PBXGroup;
			children = (
				B182624B1FA55EFD00D41A8A /* Lifecycle */,
				B182624A1FA55ED900D41A8A /* Scope */,
				B18262491FA55EBB00D41A8A /* Component */,
			);
			path = Core;
			sourceTree = "<group>";
		};
		B136BEA91F8D6734001EE264 /* View */ = {
			isa = PBXGroup;
			children = (
				B182624E1FA55F4500D41A8A /* Configuration */,
				B182624F1FA55F5200D41A8A /* Reuse */,
			);
			path = View;
			sourceTree = "<group>";
		};
		B136BEAA1F8D673E001EE264 /* Utility */ = {
			isa = PBXGroup;
			children = (
				B1FC9C341F9E1328006249FC /* IteratorWrapper.swift */,
				B136BEB31F8D69DC001EE264 /* Utilities.swift */,
			);
			path = Utility;
			sourceTree = "<group>";
		};
		B15967001FA7D91E00FEDC5C /* ViewController */ = {
			isa = PBXGroup;
			children = (
				B15967011FA7D93000FEDC5C /* ComponentViewController.swift */,
				B139CB611FDAC1D6000876E1 /* EntryPointComponent.swift */,
			);
			path = ViewController;
			sourceTree = "<group>";
		};
		B1658B511F9B6A8C000EC8CC /* Products */ = {
			isa = PBXGroup;
			children = (
				B1658B5A1F9B6A8C000EC8CC /* Flexbox.framework */,
				B1658B5C1F9B6A8C000EC8CC /* FlexboxTests.xctest */,
			);
			name = Products;
			sourceTree = "<group>";
		};
		B18262421FA55E9D00D41A8A /* Actions */ = {
			isa = PBXGroup;
			children = (
				B136BEBB1F8D6DD2001EE264 /* Action.swift */,
				B143E5DC1FC07FE500DB4655 /* Trigger.swift */,
			);
			path = Actions;
			sourceTree = "<group>";
		};
		B18262491FA55EBB00D41A8A /* Component */ = {
			isa = PBXGroup;
			children = (
				B1574DE11FA6852600E91D09 /* ComponentContext.swift */,
				B136BEAB1F8D69C9001EE264 /* Component.swift */,
				B1574DD91FA681E000E91D09 /* ComponentLayout.swift */,
				B136BEBF1F8EF7CC001EE264 /* InternalTypedComponent.swift */,
				B136BEAE1F8D69C9001EE264 /* TypedComponent.swift */,
				B137B9E61FA16D5C009BE1E3 /* TypedComponentMounting.swift */,
				B137B9EA1FA16E09009BE1E3 /* TypedComponentProps.swift */,
				B137B9E81FA16DAE009BE1E3 /* TypedComponentState.swift */,
			);
			path = Component;
			sourceTree = "<group>";
		};
		B182624A1FA55ED900D41A8A /* Scope */ = {
			isa = PBXGroup;
			children = (
				B1EC97FA1F90E88F0086A5D7 /* ComponentTree.swift */,
				B136BEAD1F8D69C9001EE264 /* Scope.swift */,
				B136BEC31F8EF989001EE264 /* ScopeHandle.swift */,
				B11F220E1FADEDCC005CBD23 /* ScopedResponder.swift */,
				B136BEC11F8EF96B001EE264 /* ScopeRoot.swift */,
				B136BEC71F8EFCA5001EE264 /* StateUpdateListener.swift */,
			);
			path = Scope;
			sourceTree = "<group>";
		};
		B182624B1FA55EFD00D41A8A /* Lifecycle */ = {
			isa = PBXGroup;
			children = (
				B136BEAC1F8D69C9001EE264 /* Layout.swift */,
				B1B511F81FA1793100B854F0 /* MountContext.swift */,
				B18623CD2039C9B400D3DF6B /* IntersectionCache.swift */,
			);
			path = Lifecycle;
			sourceTree = "<group>";
		};
		B182624C1FA55F0F00D41A8A /* Layout */ = {
			isa = PBXGroup;
			children = (
				B1DE013B206D4D0700BBE93B /* BackgroundComponent.swift */,
				B1658B5E1F9B6AF4000EC8CC /* FlexboxComponent.swift */,
				B18262251FA4D9F400D41A8A /* InsetComponent.swift */,
				B140BD78206C0001001907A0 /* OverlayComponent.swift */,
				B170C5F81FA89BBA00B398DC /* SizeComponent.swift */,
			);
			path = Layout;
			sourceTree = "<group>";
		};
		B182624D1FA55F2200D41A8A /* Content */ = {
			isa = PBXGroup;
			children = (
				B1257D421FF5897400EDA775 /* ButtonComponent.swift */,
				B15966E51FA7C41800FEDC5C /* ImageComponent.swift */,
				B12916031FA2A36D006D269B /* ScrollComponent.swift */,
				B170C5F01FA89A3300B398DC /* ViewComponent.swift */,
			);
			path = Content;
			sourceTree = "<group>";
		};
		B182624E1FA55F4500D41A8A /* Configuration */ = {
			isa = PBXGroup;
			children = (
				B1BEB8831F928A09002A049A /* StandardViewAttributes.swift */,
				B136BECB1F8EFD17001EE264 /* ViewAttribute.swift */,
				B136BEB51F8D69E8001EE264 /* ViewConfiguration.swift */,
				B18262501FA55F8900D41A8A /* TapAttribute.swift */,
			);
			path = Configuration;
			sourceTree = "<group>";
		};
		B182624F1FA55F5200D41A8A /* Reuse */ = {
			isa = PBXGroup;
			children = (
				B136BEB61F8D69E8001EE264 /* ViewPool.swift */,
				B136BEC91F8EFCED001EE264 /* ViewPoolMap.swift */,
			);
			path = Reuse;
			sourceTree = "<group>";
		};
		B18262A01FA57ECA00D41A8A /* Interaction */ = {
			isa = PBXGroup;
			children = (
				B18262A71FA57EDC00D41A8A /* TapComponent.swift */,
			);
			path = Interaction;
			sourceTree = "<group>";
		};
		B18750B81FA6B3F700C4DA47 /* Text */ = {
			isa = PBXGroup;
			children = (
				B11D5FF31FA93EAE002F417B /* Async */,
				B18750BF1FA6B44300C4DA47 /* TextKitAttributes.swift */,
				B18750C11FA6B6F300C4DA47 /* TextKitContext.swift */,
				B18750C31FA6B9BA00C4DA47 /* TextKitRenderer.swift */,
				B18750C71FA6C14400C4DA47 /* TextKitView.swift */,
				B11D60101FA93EDD002F417B /* TextKitLayer.swift */,
				B18750C91FA6C25600C4DA47 /* TextComponent.swift */,
				B11D5FE61FA933EF002F417B /* TextCache.swift */,
				B1C14FD71F995413005A8CBE /* LabelComponent.swift */,
			);
			path = Text;
			sourceTree = "<group>";
		};
		B19BBD1A1F9061C200116386 /* Vendor */ = {
			isa = PBXGroup;
			children = (
				B1658B501F9B6A8C000EC8CC /* Flexbox.xcodeproj */,
				B19BBD1B1F9061D100116386 /* FBSnapshotTestCase.xcodeproj */,
			);
			name = Vendor;
			sourceTree = "<group>";
		};
		B19BBD1C1F9061D100116386 /* Products */ = {
			isa = PBXGroup;
			children = (
				B19BBD231F9061D100116386 /* FBSnapshotTestCase.framework */,
				B19BBD251F9061D100116386 /* FBSnapshotTestCase iOS Tests.xctest */,
				B19BBD271F9061D100116386 /* FBSnapshotTestCase.framework */,
				B19BBD291F9061D100116386 /* FBSnapshotTestCase tvOS Tests.xctest */,
			);
			name = Products;
			sourceTree = "<group>";
		};
		B1C14FD21F9953F0005A8CBE /* UI */ = {
			isa = PBXGroup;
			children = (
				B1E6C6171FAD21400018CE8A /* Lists */,
				B15967001FA7D91E00FEDC5C /* ViewController */,
				B18750B81FA6B3F700C4DA47 /* Text */,
				B18262A01FA57ECA00D41A8A /* Interaction */,
				B182624D1FA55F2200D41A8A /* Content */,
				B182624C1FA55F0F00D41A8A /* Layout */,
			);
			path = UI;
			sourceTree = "<group>";
		};
		B1C14FD91F995421005A8CBE /* Integration */ = {
			isa = PBXGroup;
			children = (
				B1C14FDA1F995438005A8CBE /* ComponentHostingView.swift */,
			);
			path = Integration;
			sourceTree = "<group>";
		};
		B1E6C6171FAD21400018CE8A /* Lists */ = {
			isa = PBXGroup;
			children = (
				B1E6C61E1FAD21570018CE8A /* PullToRefreshComponent.swift */,
				B143E5F31FC1EBAA00DB4655 /* InfiniteLoadComponent.swift */,
				B143E5FB1FC1EE9700DB4655 /* ActivityIndicatorComponent.swift */,
				B143E5DA1FC073A500DB4655 /* ListComponent.swift */,
			);
			path = Lists;
			sourceTree = "<group>";
		};
		B1FC9C461FA023C5006249FC /* Debug */ = {
			isa = PBXGroup;
			children = (
				B1FC9C471FA023E2006249FC /* LayoutDebug.swift */,
			);
			path = Debug;
			sourceTree = "<group>";
		};
/* End PBXGroup section */

/* Begin PBXHeadersBuildPhase section */
		B136BE451F8D5741001EE264 /* Headers */ = {
			isa = PBXHeadersBuildPhase;
			buildActionMask = 2147483647;
			files = (
				B11D60081FA93EC6002F417B /* TheodoliteAsyncTransaction.h in Headers */,
				B11D60051FA93EC6002F417B /* TheodoliteAsyncLayer.h in Headers */,
				B136BE591F8D5741001EE264 /* Theodolite.h in Headers */,
				B11D60061FA93EC6002F417B /* TheodoliteAsyncLayerInternal.h in Headers */,
				B11D60071FA93EC6002F417B /* TheodoliteAsyncTransactionGroup.h in Headers */,
				B11D600B1FA93EC6002F417B /* TheodoliteAsyncTransactionContainer.h in Headers */,
				B11D600F1FA93EC6002F417B /* TheodoliteAsyncLayerSubclass.h in Headers */,
				B11D600D1FA93EC6002F417B /* TheodoliteAsyncTransactionContainer+Private.h in Headers */,
			);
			runOnlyForDeploymentPostprocessing = 0;
		};
/* End PBXHeadersBuildPhase section */

/* Begin PBXNativeTarget section */
		B136BE471F8D5741001EE264 /* Theodolite */ = {
			isa = PBXNativeTarget;
			buildConfigurationList = B136BE5C1F8D5741001EE264 /* Build configuration list for PBXNativeTarget "Theodolite" */;
			buildPhases = (
				B136BE431F8D5741001EE264 /* Sources */,
				B136BE441F8D5741001EE264 /* Frameworks */,
				B136BE451F8D5741001EE264 /* Headers */,
				B136BE461F8D5741001EE264 /* Resources */,
			);
			buildRules = (
			);
			dependencies = (
			);
			name = Theodolite;
			productName = Theodolite;
			productReference = B136BE481F8D5741001EE264 /* Theodolite.framework */;
			productType = "com.apple.product-type.framework";
		};
		B136BE501F8D5741001EE264 /* TheodoliteTests */ = {
			isa = PBXNativeTarget;
			buildConfigurationList = B136BE5F1F8D5741001EE264 /* Build configuration list for PBXNativeTarget "TheodoliteTests" */;
			buildPhases = (
				B136BE4D1F8D5741001EE264 /* Sources */,
				B136BE4E1F8D5741001EE264 /* Frameworks */,
				B136BE4F1F8D5741001EE264 /* Resources */,
			);
			buildRules = (
			);
			dependencies = (
				B136BE541F8D5741001EE264 /* PBXTargetDependency */,
			);
			name = TheodoliteTests;
			productName = TheodoliteTests;
			productReference = B136BE511F8D5741001EE264 /* TheodoliteTests.xctest */;
			productType = "com.apple.product-type.bundle.unit-test";
		};
/* End PBXNativeTarget section */

/* Begin PBXProject section */
		B136BE3F1F8D5741001EE264 /* Project object */ = {
			isa = PBXProject;
			attributes = {
				LastSwiftUpdateCheck = 0830;
				LastUpgradeCheck = 0910;
				ORGANIZATIONNAME = "Oliver Rickard";
				TargetAttributes = {
					B136BE471F8D5741001EE264 = {
						CreatedOnToolsVersion = 8.3.3;
						DevelopmentTeam = SXXM3YCVSK;
						LastSwiftMigration = 1020;
						ProvisioningStyle = Automatic;
					};
					B136BE501F8D5741001EE264 = {
						CreatedOnToolsVersion = 8.3.3;
						DevelopmentTeam = SXXM3YCVSK;
						ProvisioningStyle = Automatic;
					};
				};
			};
			buildConfigurationList = B136BE421F8D5741001EE264 /* Build configuration list for PBXProject "Theodolite" */;
			compatibilityVersion = "Xcode 3.2";
			developmentRegion = English;
			hasScannedForEncodings = 0;
			knownRegions = (
				English,
				en,
			);
			mainGroup = B136BE3E1F8D5741001EE264;
			productRefGroup = B136BE491F8D5741001EE264 /* Products */;
			projectDirPath = "";
			projectReferences = (
				{
					ProductGroup = B19BBD1C1F9061D100116386 /* Products */;
					ProjectRef = B19BBD1B1F9061D100116386 /* FBSnapshotTestCase.xcodeproj */;
				},
				{
					ProductGroup = B1658B511F9B6A8C000EC8CC /* Products */;
					ProjectRef = B1658B501F9B6A8C000EC8CC /* Flexbox.xcodeproj */;
				},
			);
			projectRoot = "";
			targets = (
				B136BE471F8D5741001EE264 /* Theodolite */,
				B136BE501F8D5741001EE264 /* TheodoliteTests */,
			);
		};
/* End PBXProject section */

/* Begin PBXReferenceProxy section */
		B1658B5A1F9B6A8C000EC8CC /* Flexbox.framework */ = {
			isa = PBXReferenceProxy;
			fileType = wrapper.framework;
			path = Flexbox.framework;
			remoteRef = B1658B591F9B6A8C000EC8CC /* PBXContainerItemProxy */;
			sourceTree = BUILT_PRODUCTS_DIR;
		};
		B1658B5C1F9B6A8C000EC8CC /* FlexboxTests.xctest */ = {
			isa = PBXReferenceProxy;
			fileType = wrapper.cfbundle;
			path = FlexboxTests.xctest;
			remoteRef = B1658B5B1F9B6A8C000EC8CC /* PBXContainerItemProxy */;
			sourceTree = BUILT_PRODUCTS_DIR;
		};
		B19BBD231F9061D100116386 /* FBSnapshotTestCase.framework */ = {
			isa = PBXReferenceProxy;
			fileType = wrapper.framework;
			path = FBSnapshotTestCase.framework;
			remoteRef = B19BBD221F9061D100116386 /* PBXContainerItemProxy */;
			sourceTree = BUILT_PRODUCTS_DIR;
		};
		B19BBD251F9061D100116386 /* FBSnapshotTestCase iOS Tests.xctest */ = {
			isa = PBXReferenceProxy;
			fileType = wrapper.cfbundle;
			path = "FBSnapshotTestCase iOS Tests.xctest";
			remoteRef = B19BBD241F9061D100116386 /* PBXContainerItemProxy */;
			sourceTree = BUILT_PRODUCTS_DIR;
		};
		B19BBD271F9061D100116386 /* FBSnapshotTestCase.framework */ = {
			isa = PBXReferenceProxy;
			fileType = wrapper.framework;
			path = FBSnapshotTestCase.framework;
			remoteRef = B19BBD261F9061D100116386 /* PBXContainerItemProxy */;
			sourceTree = BUILT_PRODUCTS_DIR;
		};
		B19BBD291F9061D100116386 /* FBSnapshotTestCase tvOS Tests.xctest */ = {
			isa = PBXReferenceProxy;
			fileType = wrapper.cfbundle;
			path = "FBSnapshotTestCase tvOS Tests.xctest";
			remoteRef = B19BBD281F9061D100116386 /* PBXContainerItemProxy */;
			sourceTree = BUILT_PRODUCTS_DIR;
		};
/* End PBXReferenceProxy section */

/* Begin PBXResourcesBuildPhase section */
		B136BE461F8D5741001EE264 /* Resources */ = {
			isa = PBXResourcesBuildPhase;
			buildActionMask = 2147483647;
			files = (
			);
			runOnlyForDeploymentPostprocessing = 0;
		};
		B136BE4F1F8D5741001EE264 /* Resources */ = {
			isa = PBXResourcesBuildPhase;
			buildActionMask = 2147483647;
			files = (
			);
			runOnlyForDeploymentPostprocessing = 0;
		};
/* End PBXResourcesBuildPhase section */

/* Begin PBXSourcesBuildPhase section */
		B136BE431F8D5741001EE264 /* Sources */ = {
			isa = PBXSourcesBuildPhase;
			buildActionMask = 2147483647;
			files = (
				B11D600E1FA93EC6002F417B /* TheodoliteAsyncLayer.mm in Sources */,
				B18262A81FA57EDC00D41A8A /* TapComponent.swift in Sources */,
				B136BEB81F8D69E8001EE264 /* ViewPool.swift in Sources */,
				B137B9E91FA16DAE009BE1E3 /* TypedComponentState.swift in Sources */,
				B18262511FA55F8900D41A8A /* TapAttribute.swift in Sources */,
				B136BEB21F8D69C9001EE264 /* TypedComponent.swift in Sources */,
				B1E6C61F1FAD21570018CE8A /* PullToRefreshComponent.swift in Sources */,
				B1257D431FF5897400EDA775 /* ButtonComponent.swift in Sources */,
				B1574DDA1FA681E000E91D09 /* ComponentLayout.swift in Sources */,
				B137B9EB1FA16E09009BE1E3 /* TypedComponentProps.swift in Sources */,
				B136BEAF1F8D69C9001EE264 /* Component.swift in Sources */,
				B137B9E71FA16D5C009BE1E3 /* TypedComponentMounting.swift in Sources */,
				B136BEB71F8D69E8001EE264 /* ViewConfiguration.swift in Sources */,
				B11D600A1FA93EC6002F417B /* TheodoliteAsyncTransactionContainer.m in Sources */,
				B136BEC21F8EF96B001EE264 /* ScopeRoot.swift in Sources */,
				B136BEC01F8EF7CC001EE264 /* InternalTypedComponent.swift in Sources */,
				B15966E61FA7C41800FEDC5C /* ImageComponent.swift in Sources */,
				B136BEB11F8D69C9001EE264 /* Scope.swift in Sources */,
				B136BEBC1F8D6DD2001EE264 /* Action.swift in Sources */,
				B11D600C1FA93EC6002F417B /* TheodoliteAsyncTransactionGroup.m in Sources */,
				B1EC97FB1F90E88F0086A5D7 /* ComponentTree.swift in Sources */,
				B136BEC41F8EF989001EE264 /* ScopeHandle.swift in Sources */,
				B139CB621FDAC1D6000876E1 /* EntryPointComponent.swift in Sources */,
				B143E5F41FC1EBAA00DB4655 /* InfiniteLoadComponent.swift in Sources */,
				B1C14FD81F995414005A8CBE /* LabelComponent.swift in Sources */,
				B11D60091FA93EC6002F417B /* TheodoliteAsyncTransaction.m in Sources */,
				B1658B5F1F9B6AF4000EC8CC /* FlexboxComponent.swift in Sources */,
				B1C14FDB1F995438005A8CBE /* ComponentHostingView.swift in Sources */,
				B12916041FA2A36D006D269B /* ScrollComponent.swift in Sources */,
				B18750C01FA6B44300C4DA47 /* TextKitAttributes.swift in Sources */,
				B11D60111FA93EDD002F417B /* TextKitLayer.swift in Sources */,
				B143E5DD1FC07FE500DB4655 /* Trigger.swift in Sources */,
				B1BEB8841F928A09002A049A /* StandardViewAttributes.swift in Sources */,
				B140BD79206C0001001907A0 /* OverlayComponent.swift in Sources */,
				B143E5DB1FC073A500DB4655 /* ListComponent.swift in Sources */,
				B136BEB41F8D69DC001EE264 /* Utilities.swift in Sources */,
				B170C5F11FA89A3300B398DC /* ViewComponent.swift in Sources */,
				B18750C21FA6B6F300C4DA47 /* TextKitContext.swift in Sources */,
				B11F220F1FADEDCC005CBD23 /* ScopedResponder.swift in Sources */,
				B143E5FC1FC1EE9700DB4655 /* ActivityIndicatorComponent.swift in Sources */,
				B1DE013C206D4D0700BBE93B /* BackgroundComponent.swift in Sources */,
				B136BECA1F8EFCED001EE264 /* ViewPoolMap.swift in Sources */,
				B136BECC1F8EFD17001EE264 /* ViewAttribute.swift in Sources */,
				B136BEC81F8EFCA5001EE264 /* StateUpdateListener.swift in Sources */,
				B1574DE21FA6852600E91D09 /* ComponentContext.swift in Sources */,
				B18262261FA4D9F400D41A8A /* InsetComponent.swift in Sources */,
				B1B511F91FA1793100B854F0 /* MountContext.swift in Sources */,
				B15967021FA7D93000FEDC5C /* ComponentViewController.swift in Sources */,
				B18750CA1FA6C25600C4DA47 /* TextComponent.swift in Sources */,
				B18750C41FA6B9BA00C4DA47 /* TextKitRenderer.swift in Sources */,
				B136BEB01F8D69C9001EE264 /* Layout.swift in Sources */,
				B11D5FE71FA933EF002F417B /* TextCache.swift in Sources */,
				B1FC9C481FA023E2006249FC /* LayoutDebug.swift in Sources */,
				B18750C81FA6C14400C4DA47 /* TextKitView.swift in Sources */,
				B1FC9C351F9E1328006249FC /* IteratorWrapper.swift in Sources */,
				B18623CE2039C9B400D3DF6B /* IntersectionCache.swift in Sources */,
				B170C5F91FA89BBA00B398DC /* SizeComponent.swift in Sources */,
			);
			runOnlyForDeploymentPostprocessing = 0;
		};
		B136BE4D1F8D5741001EE264 /* Sources */ = {
			isa = PBXSourcesBuildPhase;
			buildActionMask = 2147483647;
			files = (
				B1EFED8120633B1F00AD6F41 /* IntersectionCacheTests.swift in Sources */,
				B136BED21F8EFDAF001EE264 /* ViewPoolMapTests.swift in Sources */,
				B19BBD2C1F90620E00116386 /* ViewMountTests.swift in Sources */,
				B1987C081FAE722D007A6DC0 /* ComponentViewControllerSnapshotTests.swift in Sources */,
				B15967161FA7E85C00FEDC5C /* TapComponentSnapshotTests.swift in Sources */,
				B1DE013E206D4E3400BBE93B /* BackgroundComponentSnapshotTests.swift in Sources */,
				B18750CC1FA745AB00C4DA47 /* LabelComponentSnapshotTests.swift in Sources */,
				B15967141FA7E1A200FEDC5C /* ComponentKeyTests.swift in Sources */,
				B18262301FA4DD6900D41A8A /* InsetComponentSnapshotTests.swift in Sources */,
				B1FC9C3D1FA00A55006249FC /* StandardViewAttributesTests.swift in Sources */,
				B15967181FA7E95500FEDC5C /* ImageComponentSnapshotTests.swift in Sources */,
				B1FC9C451FA00A83006249FC /* SnapshotHelper.swift in Sources */,
				B136BEBE1F8D8F39001EE264 /* ScopeTests.swift in Sources */,
				B15966D41FA7C01900FEDC5C /* TextComponentSnapshotTests.swift in Sources */,
				B136BE571F8D5741001EE264 /* TheodoliteTests.swift in Sources */,
				B140BD81206D44B0001907A0 /* OverlayComponentSnapshotTests.swift in Sources */,
				B143E5DF1FC080D800DB4655 /* TriggerTests.swift in Sources */,
				B136BEC61F8EFA04001EE264 /* ViewPoolTests.swift in Sources */,
				B15967121FA7DDE200FEDC5C /* ComponentHostingViewSnapshotTests.swift in Sources */,
				B136BECE1F8EFD98001EE264 /* ViewConfigurationTests.swift in Sources */,
				B136BEBA1F8D6C8D001EE264 /* ActionTests.swift in Sources */,
				B11F22171FADF5DB005CBD23 /* ScopedResponderTests.swift in Sources */,
				B15612951F904F4F00AA21ED /* UtilitiesTests.swift in Sources */,
				B15967081FA7DCE900FEDC5C /* TextKitTests.swift in Sources */,
				B18262121FA356E800D41A8A /* ScrollComponentSnapshotTests.swift in Sources */,
				B136BED01F8EFDA3001EE264 /* ViewAttributeTests.swift in Sources */,
				B17765761FF6BBA20017DDE9 /* ButtonComponentSnapshotTests.swift in Sources */,
				B1F16E781FA9EB2D0037CD9B /* ComponentMemoizationTests.swift in Sources */,
				B1F16E761FA9E7630037CD9B /* GestureTestAdditions.swift in Sources */,
			);
			runOnlyForDeploymentPostprocessing = 0;
		};
/* End PBXSourcesBuildPhase section */

/* Begin PBXTargetDependency section */
		B136BE541F8D5741001EE264 /* PBXTargetDependency */ = {
			isa = PBXTargetDependency;
			target = B136BE471F8D5741001EE264 /* Theodolite */;
			targetProxy = B136BE531F8D5741001EE264 /* PBXContainerItemProxy */;
		};
/* End PBXTargetDependency section */

/* Begin XCBuildConfiguration section */
		B136BE5A1F8D5741001EE264 /* Debug */ = {
			isa = XCBuildConfiguration;
			buildSettings = {
				ALWAYS_SEARCH_USER_PATHS = NO;
				CLANG_ALLOW_NON_MODULAR_INCLUDES_IN_FRAMEWORK_MODULES = NO;
				CLANG_ANALYZER_NONNULL = YES;
				CLANG_ANALYZER_NUMBER_OBJECT_CONVERSION = YES_AGGRESSIVE;
				CLANG_CXX_LANGUAGE_STANDARD = "gnu++0x";
				CLANG_CXX_LIBRARY = "libc++";
				CLANG_ENABLE_MODULES = YES;
				CLANG_ENABLE_OBJC_ARC = YES;
				CLANG_WARN_BLOCK_CAPTURE_AUTORELEASING = YES;
				CLANG_WARN_BOOL_CONVERSION = YES;
				CLANG_WARN_COMMA = YES;
				CLANG_WARN_CONSTANT_CONVERSION = YES;
				CLANG_WARN_DIRECT_OBJC_ISA_USAGE = YES_ERROR;
				CLANG_WARN_DOCUMENTATION_COMMENTS = YES;
				CLANG_WARN_EMPTY_BODY = YES;
				CLANG_WARN_ENUM_CONVERSION = YES;
				CLANG_WARN_INFINITE_RECURSION = YES;
				CLANG_WARN_INT_CONVERSION = YES;
				CLANG_WARN_NON_LITERAL_NULL_CONVERSION = YES;
				CLANG_WARN_OBJC_LITERAL_CONVERSION = YES;
				CLANG_WARN_OBJC_ROOT_CLASS = YES_ERROR;
				CLANG_WARN_RANGE_LOOP_ANALYSIS = YES;
				CLANG_WARN_STRICT_PROTOTYPES = YES;
				CLANG_WARN_SUSPICIOUS_MOVE = YES;
				CLANG_WARN_UNREACHABLE_CODE = YES;
				CLANG_WARN__DUPLICATE_METHOD_MATCH = YES;
				"CODE_SIGN_IDENTITY[sdk=iphoneos*]" = "iPhone Developer";
				COPY_PHASE_STRIP = NO;
				CURRENT_PROJECT_VERSION = 1;
				DEBUG_INFORMATION_FORMAT = dwarf;
				ENABLE_STRICT_OBJC_MSGSEND = YES;
				ENABLE_TESTABILITY = YES;
				GCC_C_LANGUAGE_STANDARD = gnu99;
				GCC_DYNAMIC_NO_PIC = NO;
				GCC_NO_COMMON_BLOCKS = YES;
				GCC_OPTIMIZATION_LEVEL = 0;
				GCC_PREPROCESSOR_DEFINITIONS = (
					"DEBUG=1",
					"$(inherited)",
				);
				GCC_WARN_64_TO_32_BIT_CONVERSION = YES;
				GCC_WARN_ABOUT_RETURN_TYPE = YES_ERROR;
				GCC_WARN_UNDECLARED_SELECTOR = YES;
				GCC_WARN_UNINITIALIZED_AUTOS = YES_AGGRESSIVE;
				GCC_WARN_UNUSED_FUNCTION = YES;
				GCC_WARN_UNUSED_VARIABLE = YES;
				IPHONEOS_DEPLOYMENT_TARGET = 10.3;
				MTL_ENABLE_DEBUG_INFO = YES;
				ONLY_ACTIVE_ARCH = YES;
				SDKROOT = iphoneos;
				SWIFT_ACTIVE_COMPILATION_CONDITIONS = DEBUG;
				SWIFT_OPTIMIZATION_LEVEL = "-Onone";
				SWIFT_VERSION = 5.0;
				TARGETED_DEVICE_FAMILY = "1,2";
				VERSIONING_SYSTEM = "apple-generic";
				VERSION_INFO_PREFIX = "";
			};
			name = Debug;
		};
		B136BE5B1F8D5741001EE264 /* Release */ = {
			isa = XCBuildConfiguration;
			buildSettings = {
				ALWAYS_SEARCH_USER_PATHS = NO;
				CLANG_ALLOW_NON_MODULAR_INCLUDES_IN_FRAMEWORK_MODULES = NO;
				CLANG_ANALYZER_NONNULL = YES;
				CLANG_ANALYZER_NUMBER_OBJECT_CONVERSION = YES_AGGRESSIVE;
				CLANG_CXX_LANGUAGE_STANDARD = "gnu++0x";
				CLANG_CXX_LIBRARY = "libc++";
				CLANG_ENABLE_MODULES = YES;
				CLANG_ENABLE_OBJC_ARC = YES;
				CLANG_WARN_BLOCK_CAPTURE_AUTORELEASING = YES;
				CLANG_WARN_BOOL_CONVERSION = YES;
				CLANG_WARN_COMMA = YES;
				CLANG_WARN_CONSTANT_CONVERSION = YES;
				CLANG_WARN_DIRECT_OBJC_ISA_USAGE = YES_ERROR;
				CLANG_WARN_DOCUMENTATION_COMMENTS = YES;
				CLANG_WARN_EMPTY_BODY = YES;
				CLANG_WARN_ENUM_CONVERSION = YES;
				CLANG_WARN_INFINITE_RECURSION = YES;
				CLANG_WARN_INT_CONVERSION = YES;
				CLANG_WARN_NON_LITERAL_NULL_CONVERSION = YES;
				CLANG_WARN_OBJC_LITERAL_CONVERSION = YES;
				CLANG_WARN_OBJC_ROOT_CLASS = YES_ERROR;
				CLANG_WARN_RANGE_LOOP_ANALYSIS = YES;
				CLANG_WARN_STRICT_PROTOTYPES = YES;
				CLANG_WARN_SUSPICIOUS_MOVE = YES;
				CLANG_WARN_UNREACHABLE_CODE = YES;
				CLANG_WARN__DUPLICATE_METHOD_MATCH = YES;
				"CODE_SIGN_IDENTITY[sdk=iphoneos*]" = "iPhone Developer";
				COPY_PHASE_STRIP = NO;
				CURRENT_PROJECT_VERSION = 1;
				DEBUG_INFORMATION_FORMAT = "dwarf-with-dsym";
				ENABLE_NS_ASSERTIONS = NO;
				ENABLE_STRICT_OBJC_MSGSEND = YES;
				GCC_C_LANGUAGE_STANDARD = gnu99;
				GCC_NO_COMMON_BLOCKS = YES;
				GCC_WARN_64_TO_32_BIT_CONVERSION = YES;
				GCC_WARN_ABOUT_RETURN_TYPE = YES_ERROR;
				GCC_WARN_UNDECLARED_SELECTOR = YES;
				GCC_WARN_UNINITIALIZED_AUTOS = YES_AGGRESSIVE;
				GCC_WARN_UNUSED_FUNCTION = YES;
				GCC_WARN_UNUSED_VARIABLE = YES;
				IPHONEOS_DEPLOYMENT_TARGET = 10.3;
				MTL_ENABLE_DEBUG_INFO = NO;
				SDKROOT = iphoneos;
				SWIFT_OPTIMIZATION_LEVEL = "-Owholemodule";
				SWIFT_VERSION = 5.0;
				TARGETED_DEVICE_FAMILY = "1,2";
				VALIDATE_PRODUCT = YES;
				VERSIONING_SYSTEM = "apple-generic";
				VERSION_INFO_PREFIX = "";
			};
			name = Release;
		};
		B136BE5D1F8D5741001EE264 /* Debug */ = {
			isa = XCBuildConfiguration;
			buildSettings = {
				CLANG_ALLOW_NON_MODULAR_INCLUDES_IN_FRAMEWORK_MODULES = YES;
				CLANG_ENABLE_MODULES = YES;
				CODE_SIGN_IDENTITY = "";
				DEFINES_MODULE = YES;
				DEVELOPMENT_TEAM = SXXM3YCVSK;
				DYLIB_COMPATIBILITY_VERSION = 1;
				DYLIB_CURRENT_VERSION = 1;
				DYLIB_INSTALL_NAME_BASE = "@rpath";
				INFOPLIST_FILE = Theodolite/Info.plist;
				INSTALL_PATH = "$(LOCAL_LIBRARY_DIR)/Frameworks";
				LD_RUNPATH_SEARCH_PATHS = "$(inherited) @executable_path/Frameworks @loader_path/Frameworks";
				PRODUCT_BUNDLE_IDENTIFIER = com.ocrickard.Theodolite;
				PRODUCT_NAME = "$(TARGET_NAME)";
				SKIP_INSTALL = YES;
				SWIFT_OPTIMIZATION_LEVEL = "-Onone";
				SWIFT_VERSION = 5.0;
			};
			name = Debug;
		};
		B136BE5E1F8D5741001EE264 /* Release */ = {
			isa = XCBuildConfiguration;
			buildSettings = {
				CLANG_ALLOW_NON_MODULAR_INCLUDES_IN_FRAMEWORK_MODULES = YES;
				CLANG_ENABLE_MODULES = YES;
				CODE_SIGN_IDENTITY = "";
				DEFINES_MODULE = YES;
				DEVELOPMENT_TEAM = SXXM3YCVSK;
				DYLIB_COMPATIBILITY_VERSION = 1;
				DYLIB_CURRENT_VERSION = 1;
				DYLIB_INSTALL_NAME_BASE = "@rpath";
				INFOPLIST_FILE = Theodolite/Info.plist;
				INSTALL_PATH = "$(LOCAL_LIBRARY_DIR)/Frameworks";
				LD_RUNPATH_SEARCH_PATHS = "$(inherited) @executable_path/Frameworks @loader_path/Frameworks";
				PRODUCT_BUNDLE_IDENTIFIER = com.ocrickard.Theodolite;
				PRODUCT_NAME = "$(TARGET_NAME)";
				SKIP_INSTALL = YES;
				SWIFT_VERSION = 5.0;
			};
			name = Release;
		};
		B136BE601F8D5741001EE264 /* Debug */ = {
			isa = XCBuildConfiguration;
			buildSettings = {
				ALWAYS_EMBED_SWIFT_STANDARD_LIBRARIES = YES;
				DEVELOPMENT_TEAM = SXXM3YCVSK;
				INFOPLIST_FILE = TheodoliteTests/Info.plist;
				LD_RUNPATH_SEARCH_PATHS = "$(inherited) @executable_path/Frameworks @loader_path/Frameworks";
				PRODUCT_BUNDLE_IDENTIFIER = com.ocrickard.TheodoliteTests;
				PRODUCT_NAME = "$(TARGET_NAME)";
				SWIFT_VERSION = 4.0;
			};
			name = Debug;
		};
		B136BE611F8D5741001EE264 /* Release */ = {
			isa = XCBuildConfiguration;
			buildSettings = {
				ALWAYS_EMBED_SWIFT_STANDARD_LIBRARIES = YES;
				DEVELOPMENT_TEAM = SXXM3YCVSK;
				INFOPLIST_FILE = TheodoliteTests/Info.plist;
				LD_RUNPATH_SEARCH_PATHS = "$(inherited) @executable_path/Frameworks @loader_path/Frameworks";
				PRODUCT_BUNDLE_IDENTIFIER = com.ocrickard.TheodoliteTests;
				PRODUCT_NAME = "$(TARGET_NAME)";
				SWIFT_VERSION = 4.0;
			};
			name = Release;
		};
/* End XCBuildConfiguration section */

/* Begin XCConfigurationList section */
		B136BE421F8D5741001EE264 /* Build configuration list for PBXProject "Theodolite" */ = {
			isa = XCConfigurationList;
			buildConfigurations = (
				B136BE5A1F8D5741001EE264 /* Debug */,
				B136BE5B1F8D5741001EE264 /* Release */,
			);
			defaultConfigurationIsVisible = 0;
			defaultConfigurationName = Release;
		};
		B136BE5C1F8D5741001EE264 /* Build configuration list for PBXNativeTarget "Theodolite" */ = {
			isa = XCConfigurationList;
			buildConfigurations = (
				B136BE5D1F8D5741001EE264 /* Debug */,
				B136BE5E1F8D5741001EE264 /* Release */,
			);
			defaultConfigurationIsVisible = 0;
			defaultConfigurationName = Release;
		};
		B136BE5F1F8D5741001EE264 /* Build configuration list for PBXNativeTarget "TheodoliteTests" */ = {
			isa = XCConfigurationList;
			buildConfigurations = (
				B136BE601F8D5741001EE264 /* Debug */,
				B136BE611F8D5741001EE264 /* Release */,
			);
			defaultConfigurationIsVisible = 0;
			defaultConfigurationName = Release;
		};
/* End XCConfigurationList section */
	};
	rootObject = B136BE3F1F8D5741001EE264 /* Project object */;
}
