// !$*UTF8*$!
{
	archiveVersion = 1;
	classes = {
	};
	objectVersion = 46;
	objects = {

/* Begin PBXBuildFile section */
		B1BEB8741F9196D6002A049A /* Theodolite.framework in Frameworks */ = {isa = PBXBuildFile; fileRef = B1EC98451F91968E0086A5D7 /* Theodolite.framework */; };
		B1BEB8761F9197B4002A049A /* ItemComponent.swift in Sources */ = {isa = PBXBuildFile; fileRef = B1BEB8751F9197B4002A049A /* ItemComponent.swift */; };
		B1BEB87B1F919D36002A049A /* LabelComponent.swift in Sources */ = {isa = PBXBuildFile; fileRef = B1BEB87A1F919D36002A049A /* LabelComponent.swift */; };
		B1BEB87F1F91A482002A049A /* StackComponent.swift in Sources */ = {isa = PBXBuildFile; fileRef = B1BEB87E1F91A482002A049A /* StackComponent.swift */; };
		B1BEB8811F91A9FD002A049A /* ComponentHostingView.swift in Sources */ = {isa = PBXBuildFile; fileRef = B1BEB8801F91A9FD002A049A /* ComponentHostingView.swift */; };
		B1EC980D1F91966C0086A5D7 /* AppDelegate.swift in Sources */ = {isa = PBXBuildFile; fileRef = B1EC980C1F91966C0086A5D7 /* AppDelegate.swift */; };
		B1EC980F1F91966C0086A5D7 /* RootViewController.swift in Sources */ = {isa = PBXBuildFile; fileRef = B1EC980E1F91966C0086A5D7 /* RootViewController.swift */; };
		B1EC98111F91966C0086A5D7 /* DataViewController.swift in Sources */ = {isa = PBXBuildFile; fileRef = B1EC98101F91966C0086A5D7 /* DataViewController.swift */; };
		B1EC98161F91966C0086A5D7 /* Main.storyboard in Resources */ = {isa = PBXBuildFile; fileRef = B1EC98141F91966C0086A5D7 /* Main.storyboard */; };
		B1EC98181F91966C0086A5D7 /* Assets.xcassets in Resources */ = {isa = PBXBuildFile; fileRef = B1EC98171F91966C0086A5D7 /* Assets.xcassets */; };
		B1EC981B1F91966C0086A5D7 /* LaunchScreen.storyboard in Resources */ = {isa = PBXBuildFile; fileRef = B1EC98191F91966C0086A5D7 /* LaunchScreen.storyboard */; };
		B1EC98261F91966C0086A5D7 /* TheodoliteFeedTests.swift in Sources */ = {isa = PBXBuildFile; fileRef = B1EC98251F91966C0086A5D7 /* TheodoliteFeedTests.swift */; };
		B1EC98311F91966C0086A5D7 /* TheodoliteFeedUITests.swift in Sources */ = {isa = PBXBuildFile; fileRef = B1EC98301F91966C0086A5D7 /* TheodoliteFeedUITests.swift */; };
/* End PBXBuildFile section */

/* Begin PBXContainerItemProxy section */
		B1EC98221F91966C0086A5D7 /* PBXContainerItemProxy */ = {
			isa = PBXContainerItemProxy;
			containerPortal = B1EC98011F91966C0086A5D7 /* Project object */;
			proxyType = 1;
			remoteGlobalIDString = B1EC98081F91966C0086A5D7;
			remoteInfo = TheodoliteFeed;
		};
		B1EC982D1F91966C0086A5D7 /* PBXContainerItemProxy */ = {
			isa = PBXContainerItemProxy;
			containerPortal = B1EC98011F91966C0086A5D7 /* Project object */;
			proxyType = 1;
			remoteGlobalIDString = B1EC98081F91966C0086A5D7;
			remoteInfo = TheodoliteFeed;
		};
		B1EC98441F91968E0086A5D7 /* PBXContainerItemProxy */ = {
			isa = PBXContainerItemProxy;
			containerPortal = B1EC983F1F91968E0086A5D7 /* Theodolite.xcodeproj */;
			proxyType = 2;
			remoteGlobalIDString = B136BE481F8D5741001EE264;
			remoteInfo = Theodolite;
		};
		B1EC98461F91968E0086A5D7 /* PBXContainerItemProxy */ = {
			isa = PBXContainerItemProxy;
			containerPortal = B1EC983F1F91968E0086A5D7 /* Theodolite.xcodeproj */;
			proxyType = 2;
			remoteGlobalIDString = B136BE511F8D5741001EE264;
			remoteInfo = TheodoliteTests;
		};
/* End PBXContainerItemProxy section */

/* Begin PBXFileReference section */
		B1BEB8751F9197B4002A049A /* ItemComponent.swift */ = {isa = PBXFileReference; fileEncoding = 4; lastKnownFileType = sourcecode.swift; path = ItemComponent.swift; sourceTree = "<group>"; };
		B1BEB87A1F919D36002A049A /* LabelComponent.swift */ = {isa = PBXFileReference; fileEncoding = 4; lastKnownFileType = sourcecode.swift; path = LabelComponent.swift; sourceTree = "<group>"; };
		B1BEB87E1F91A482002A049A /* StackComponent.swift */ = {isa = PBXFileReference; fileEncoding = 4; lastKnownFileType = sourcecode.swift; path = StackComponent.swift; sourceTree = "<group>"; };
		B1BEB8801F91A9FD002A049A /* ComponentHostingView.swift */ = {isa = PBXFileReference; fileEncoding = 4; lastKnownFileType = sourcecode.swift; path = ComponentHostingView.swift; sourceTree = "<group>"; };
		B1EC98091F91966C0086A5D7 /* TheodoliteFeed.app */ = {isa = PBXFileReference; explicitFileType = wrapper.application; includeInIndex = 0; path = TheodoliteFeed.app; sourceTree = BUILT_PRODUCTS_DIR; };
		B1EC980C1F91966C0086A5D7 /* AppDelegate.swift */ = {isa = PBXFileReference; lastKnownFileType = sourcecode.swift; path = AppDelegate.swift; sourceTree = "<group>"; };
		B1EC980E1F91966C0086A5D7 /* RootViewController.swift */ = {isa = PBXFileReference; lastKnownFileType = sourcecode.swift; path = RootViewController.swift; sourceTree = "<group>"; };
		B1EC98101F91966C0086A5D7 /* DataViewController.swift */ = {isa = PBXFileReference; lastKnownFileType = sourcecode.swift; path = DataViewController.swift; sourceTree = "<group>"; };
		B1EC98151F91966C0086A5D7 /* Base */ = {isa = PBXFileReference; lastKnownFileType = file.storyboard; name = Base; path = Base.lproj/Main.storyboard; sourceTree = "<group>"; };
		B1EC98171F91966C0086A5D7 /* Assets.xcassets */ = {isa = PBXFileReference; lastKnownFileType = folder.assetcatalog; path = Assets.xcassets; sourceTree = "<group>"; };
		B1EC981A1F91966C0086A5D7 /* Base */ = {isa = PBXFileReference; lastKnownFileType = file.storyboard; name = Base; path = Base.lproj/LaunchScreen.storyboard; sourceTree = "<group>"; };
		B1EC981C1F91966C0086A5D7 /* Info.plist */ = {isa = PBXFileReference; lastKnownFileType = text.plist.xml; path = Info.plist; sourceTree = "<group>"; };
		B1EC98211F91966C0086A5D7 /* TheodoliteFeedTests.xctest */ = {isa = PBXFileReference; explicitFileType = wrapper.cfbundle; includeInIndex = 0; path = TheodoliteFeedTests.xctest; sourceTree = BUILT_PRODUCTS_DIR; };
		B1EC98251F91966C0086A5D7 /* TheodoliteFeedTests.swift */ = {isa = PBXFileReference; lastKnownFileType = sourcecode.swift; path = TheodoliteFeedTests.swift; sourceTree = "<group>"; };
		B1EC98271F91966C0086A5D7 /* Info.plist */ = {isa = PBXFileReference; lastKnownFileType = text.plist.xml; path = Info.plist; sourceTree = "<group>"; };
		B1EC982C1F91966C0086A5D7 /* TheodoliteFeedUITests.xctest */ = {isa = PBXFileReference; explicitFileType = wrapper.cfbundle; includeInIndex = 0; path = TheodoliteFeedUITests.xctest; sourceTree = BUILT_PRODUCTS_DIR; };
		B1EC98301F91966C0086A5D7 /* TheodoliteFeedUITests.swift */ = {isa = PBXFileReference; lastKnownFileType = sourcecode.swift; path = TheodoliteFeedUITests.swift; sourceTree = "<group>"; };
		B1EC98321F91966C0086A5D7 /* Info.plist */ = {isa = PBXFileReference; lastKnownFileType = text.plist.xml; path = Info.plist; sourceTree = "<group>"; };
		B1EC983F1F91968E0086A5D7 /* Theodolite.xcodeproj */ = {isa = PBXFileReference; lastKnownFileType = "wrapper.pb-project"; name = Theodolite.xcodeproj; path = ../../Theodolite.xcodeproj; sourceTree = "<group>"; };
/* End PBXFileReference section */

/* Begin PBXFrameworksBuildPhase section */
		B1EC98061F91966C0086A5D7 /* Frameworks */ = {
			isa = PBXFrameworksBuildPhase;
			buildActionMask = 2147483647;
			files = (
				B1BEB8741F9196D6002A049A /* Theodolite.framework in Frameworks */,
			);
			runOnlyForDeploymentPostprocessing = 0;
		};
		B1EC981E1F91966C0086A5D7 /* Frameworks */ = {
			isa = PBXFrameworksBuildPhase;
			buildActionMask = 2147483647;
			files = (
			);
			runOnlyForDeploymentPostprocessing = 0;
		};
		B1EC98291F91966C0086A5D7 /* Frameworks */ = {
			isa = PBXFrameworksBuildPhase;
			buildActionMask = 2147483647;
			files = (
			);
			runOnlyForDeploymentPostprocessing = 0;
		};
/* End PBXFrameworksBuildPhase section */

/* Begin PBXGroup section */
		B1EC98001F91966C0086A5D7 = {
			isa = PBXGroup;
			children = (
				B1EC980B1F91966C0086A5D7 /* TheodoliteFeed */,
				B1EC98241F91966C0086A5D7 /* TheodoliteFeedTests */,
				B1EC982F1F91966C0086A5D7 /* TheodoliteFeedUITests */,
				B1EC983E1F9196820086A5D7 /* Vendor */,
				B1EC980A1F91966C0086A5D7 /* Products */,
			);
			sourceTree = "<group>";
		};
		B1EC980A1F91966C0086A5D7 /* Products */ = {
			isa = PBXGroup;
			children = (
				B1EC98091F91966C0086A5D7 /* TheodoliteFeed.app */,
				B1EC98211F91966C0086A5D7 /* TheodoliteFeedTests.xctest */,
				B1EC982C1F91966C0086A5D7 /* TheodoliteFeedUITests.xctest */,
			);
			name = Products;
			sourceTree = "<group>";
		};
		B1EC980B1F91966C0086A5D7 /* TheodoliteFeed */ = {
			isa = PBXGroup;
			children = (
				B1EC980C1F91966C0086A5D7 /* AppDelegate.swift */,
				B1EC980E1F91966C0086A5D7 /* RootViewController.swift */,
				B1EC98101F91966C0086A5D7 /* DataViewController.swift */,
				B1BEB8751F9197B4002A049A /* ItemComponent.swift */,
				B1BEB87A1F919D36002A049A /* LabelComponent.swift */,
				B1BEB87E1F91A482002A049A /* StackComponent.swift */,
				B1BEB8801F91A9FD002A049A /* ComponentHostingView.swift */,
				B1EC98141F91966C0086A5D7 /* Main.storyboard */,
				B1EC98171F91966C0086A5D7 /* Assets.xcassets */,
				B1EC98191F91966C0086A5D7 /* LaunchScreen.storyboard */,
				B1EC981C1F91966C0086A5D7 /* Info.plist */,
			);
			path = TheodoliteFeed;
			sourceTree = "<group>";
		};
		B1EC98241F91966C0086A5D7 /* TheodoliteFeedTests */ = {
			isa = PBXGroup;
			children = (
				B1EC98251F91966C0086A5D7 /* TheodoliteFeedTests.swift */,
				B1EC98271F91966C0086A5D7 /* Info.plist */,
			);
			path = TheodoliteFeedTests;
			sourceTree = "<group>";
		};
		B1EC982F1F91966C0086A5D7 /* TheodoliteFeedUITests */ = {
			isa = PBXGroup;
			children = (
				B1EC98301F91966C0086A5D7 /* TheodoliteFeedUITests.swift */,
				B1EC98321F91966C0086A5D7 /* Info.plist */,
			);
			path = TheodoliteFeedUITests;
			sourceTree = "<group>";
		};
		B1EC983E1F9196820086A5D7 /* Vendor */ = {
			isa = PBXGroup;
			children = (
				B1EC983F1F91968E0086A5D7 /* Theodolite.xcodeproj */,
			);
			name = Vendor;
			sourceTree = "<group>";
		};
		B1EC98401F91968E0086A5D7 /* Products */ = {
			isa = PBXGroup;
			children = (
				B1EC98451F91968E0086A5D7 /* Theodolite.framework */,
				B1EC98471F91968E0086A5D7 /* TheodoliteTests.xctest */,
			);
			name = Products;
			sourceTree = "<group>";
		};
/* End PBXGroup section */

/* Begin PBXNativeTarget section */
		B1EC98081F91966C0086A5D7 /* TheodoliteFeed */ = {
			isa = PBXNativeTarget;
			buildConfigurationList = B1EC98351F91966C0086A5D7 /* Build configuration list for PBXNativeTarget "TheodoliteFeed" */;
			buildPhases = (
				B1EC98051F91966C0086A5D7 /* Sources */,
				B1EC98061F91966C0086A5D7 /* Frameworks */,
				B1EC98071F91966C0086A5D7 /* Resources */,
			);
			buildRules = (
			);
			dependencies = (
			);
			name = TheodoliteFeed;
			productName = TheodoliteFeed;
			productReference = B1EC98091F91966C0086A5D7 /* TheodoliteFeed.app */;
			productType = "com.apple.product-type.application";
		};
		B1EC98201F91966C0086A5D7 /* TheodoliteFeedTests */ = {
			isa = PBXNativeTarget;
			buildConfigurationList = B1EC98381F91966C0086A5D7 /* Build configuration list for PBXNativeTarget "TheodoliteFeedTests" */;
			buildPhases = (
				B1EC981D1F91966C0086A5D7 /* Sources */,
				B1EC981E1F91966C0086A5D7 /* Frameworks */,
				B1EC981F1F91966C0086A5D7 /* Resources */,
			);
			buildRules = (
			);
			dependencies = (
				B1EC98231F91966C0086A5D7 /* PBXTargetDependency */,
			);
			name = TheodoliteFeedTests;
			productName = TheodoliteFeedTests;
			productReference = B1EC98211F91966C0086A5D7 /* TheodoliteFeedTests.xctest */;
			productType = "com.apple.product-type.bundle.unit-test";
		};
		B1EC982B1F91966C0086A5D7 /* TheodoliteFeedUITests */ = {
			isa = PBXNativeTarget;
			buildConfigurationList = B1EC983B1F91966C0086A5D7 /* Build configuration list for PBXNativeTarget "TheodoliteFeedUITests" */;
			buildPhases = (
				B1EC98281F91966C0086A5D7 /* Sources */,
				B1EC98291F91966C0086A5D7 /* Frameworks */,
				B1EC982A1F91966C0086A5D7 /* Resources */,
			);
			buildRules = (
			);
			dependencies = (
				B1EC982E1F91966C0086A5D7 /* PBXTargetDependency */,
			);
			name = TheodoliteFeedUITests;
			productName = TheodoliteFeedUITests;
			productReference = B1EC982C1F91966C0086A5D7 /* TheodoliteFeedUITests.xctest */;
			productType = "com.apple.product-type.bundle.ui-testing";
		};
/* End PBXNativeTarget section */

/* Begin PBXProject section */
		B1EC98011F91966C0086A5D7 /* Project object */ = {
			isa = PBXProject;
			attributes = {
				LastSwiftUpdateCheck = 0830;
				LastUpgradeCheck = 0830;
				ORGANIZATIONNAME = "Oliver Rickard";
				TargetAttributes = {
					B1EC98081F91966C0086A5D7 = {
						CreatedOnToolsVersion = 8.3.3;
						DevelopmentTeam = SXXM3YCVSK;
						ProvisioningStyle = Automatic;
					};
					B1EC98201F91966C0086A5D7 = {
						CreatedOnToolsVersion = 8.3.3;
						DevelopmentTeam = SXXM3YCVSK;
						ProvisioningStyle = Automatic;
						TestTargetID = B1EC98081F91966C0086A5D7;
					};
					B1EC982B1F91966C0086A5D7 = {
						CreatedOnToolsVersion = 8.3.3;
						DevelopmentTeam = SXXM3YCVSK;
						ProvisioningStyle = Automatic;
						TestTargetID = B1EC98081F91966C0086A5D7;
					};
				};
			};
			buildConfigurationList = B1EC98041F91966C0086A5D7 /* Build configuration list for PBXProject "TheodoliteFeed" */;
			compatibilityVersion = "Xcode 3.2";
			developmentRegion = English;
			hasScannedForEncodings = 0;
			knownRegions = (
				en,
				Base,
			);
			mainGroup = B1EC98001F91966C0086A5D7;
			productRefGroup = B1EC980A1F91966C0086A5D7 /* Products */;
			projectDirPath = "";
			projectReferences = (
				{
					ProductGroup = B1EC98401F91968E0086A5D7 /* Products */;
					ProjectRef = B1EC983F1F91968E0086A5D7 /* Theodolite.xcodeproj */;
				},
			);
			projectRoot = "";
			targets = (
				B1EC98081F91966C0086A5D7 /* TheodoliteFeed */,
				B1EC98201F91966C0086A5D7 /* TheodoliteFeedTests */,
				B1EC982B1F91966C0086A5D7 /* TheodoliteFeedUITests */,
			);
		};
/* End PBXProject section */

/* Begin PBXReferenceProxy section */
		B1EC98451F91968E0086A5D7 /* Theodolite.framework */ = {
			isa = PBXReferenceProxy;
			fileType = wrapper.framework;
			path = Theodolite.framework;
			remoteRef = B1EC98441F91968E0086A5D7 /* PBXContainerItemProxy */;
			sourceTree = BUILT_PRODUCTS_DIR;
		};
		B1EC98471F91968E0086A5D7 /* TheodoliteTests.xctest */ = {
			isa = PBXReferenceProxy;
			fileType = wrapper.cfbundle;
			path = TheodoliteTests.xctest;
			remoteRef = B1EC98461F91968E0086A5D7 /* PBXContainerItemProxy */;
			sourceTree = BUILT_PRODUCTS_DIR;
		};
/* End PBXReferenceProxy section */

/* Begin PBXResourcesBuildPhase section */
		B1EC98071F91966C0086A5D7 /* Resources */ = {
			isa = PBXResourcesBuildPhase;
			buildActionMask = 2147483647;
			files = (
				B1EC981B1F91966C0086A5D7 /* LaunchScreen.storyboard in Resources */,
				B1EC98181F91966C0086A5D7 /* Assets.xcassets in Resources */,
				B1EC98161F91966C0086A5D7 /* Main.storyboard in Resources */,
			);
			runOnlyForDeploymentPostprocessing = 0;
		};
		B1EC981F1F91966C0086A5D7 /* Resources */ = {
			isa = PBXResourcesBuildPhase;
			buildActionMask = 2147483647;
			files = (
			);
			runOnlyForDeploymentPostprocessing = 0;
		};
		B1EC982A1F91966C0086A5D7 /* Resources */ = {
			isa = PBXResourcesBuildPhase;
			buildActionMask = 2147483647;
			files = (
			);
			runOnlyForDeploymentPostprocessing = 0;
		};
/* End PBXResourcesBuildPhase section */

/* Begin PBXSourcesBuildPhase section */
		B1EC98051F91966C0086A5D7 /* Sources */ = {
			isa = PBXSourcesBuildPhase;
			buildActionMask = 2147483647;
			files = (
				B1EC980F1F91966C0086A5D7 /* RootViewController.swift in Sources */,
				B1BEB8761F9197B4002A049A /* ItemComponent.swift in Sources */,
				B1BEB87F1F91A482002A049A /* StackComponent.swift in Sources */,
				B1BEB87B1F919D36002A049A /* LabelComponent.swift in Sources */,
				B1EC98111F91966C0086A5D7 /* DataViewController.swift in Sources */,
				B1EC980D1F91966C0086A5D7 /* AppDelegate.swift in Sources */,
				B1BEB8811F91A9FD002A049A /* ComponentHostingView.swift in Sources */,
			);
			runOnlyForDeploymentPostprocessing = 0;
		};
		B1EC981D1F91966C0086A5D7 /* Sources */ = {
			isa = PBXSourcesBuildPhase;
			buildActionMask = 2147483647;
			files = (
				B1EC98261F91966C0086A5D7 /* TheodoliteFeedTests.swift in Sources */,
			);
			runOnlyForDeploymentPostprocessing = 0;
		};
		B1EC98281F91966C0086A5D7 /* Sources */ = {
			isa = PBXSourcesBuildPhase;
			buildActionMask = 2147483647;
			files = (
				B1EC98311F91966C0086A5D7 /* TheodoliteFeedUITests.swift in Sources */,
			);
			runOnlyForDeploymentPostprocessing = 0;
		};
/* End PBXSourcesBuildPhase section */

/* Begin PBXTargetDependency section */
		B1EC98231F91966C0086A5D7 /* PBXTargetDependency */ = {
			isa = PBXTargetDependency;
			target = B1EC98081F91966C0086A5D7 /* TheodoliteFeed */;
			targetProxy = B1EC98221F91966C0086A5D7 /* PBXContainerItemProxy */;
		};
		B1EC982E1F91966C0086A5D7 /* PBXTargetDependency */ = {
			isa = PBXTargetDependency;
			target = B1EC98081F91966C0086A5D7 /* TheodoliteFeed */;
			targetProxy = B1EC982D1F91966C0086A5D7 /* PBXContainerItemProxy */;
		};
/* End PBXTargetDependency section */

/* Begin PBXVariantGroup section */
		B1EC98141F91966C0086A5D7 /* Main.storyboard */ = {
			isa = PBXVariantGroup;
			children = (
				B1EC98151F91966C0086A5D7 /* Base */,
			);
			name = Main.storyboard;
			sourceTree = "<group>";
		};
		B1EC98191F91966C0086A5D7 /* LaunchScreen.storyboard */ = {
			isa = PBXVariantGroup;
			children = (
				B1EC981A1F91966C0086A5D7 /* Base */,
			);
			name = LaunchScreen.storyboard;
			sourceTree = "<group>";
		};
/* End PBXVariantGroup section */

/* Begin XCBuildConfiguration section */
		B1EC98331F91966C0086A5D7 /* Debug */ = {
			isa = XCBuildConfiguration;
			buildSettings = {
				ALWAYS_SEARCH_USER_PATHS = NO;
				CLANG_ANALYZER_NONNULL = YES;
				CLANG_ANALYZER_NUMBER_OBJECT_CONVERSION = YES_AGGRESSIVE;
				CLANG_CXX_LANGUAGE_STANDARD = "gnu++0x";
				CLANG_CXX_LIBRARY = "libc++";
				CLANG_ENABLE_MODULES = YES;
				CLANG_ENABLE_OBJC_ARC = YES;
				CLANG_WARN_BOOL_CONVERSION = YES;
				CLANG_WARN_CONSTANT_CONVERSION = YES;
				CLANG_WARN_DIRECT_OBJC_ISA_USAGE = YES_ERROR;
				CLANG_WARN_DOCUMENTATION_COMMENTS = YES;
				CLANG_WARN_EMPTY_BODY = YES;
				CLANG_WARN_ENUM_CONVERSION = YES;
				CLANG_WARN_INFINITE_RECURSION = YES;
				CLANG_WARN_INT_CONVERSION = YES;
				CLANG_WARN_OBJC_ROOT_CLASS = YES_ERROR;
				CLANG_WARN_SUSPICIOUS_MOVE = YES;
				CLANG_WARN_UNREACHABLE_CODE = YES;
				CLANG_WARN__DUPLICATE_METHOD_MATCH = YES;
				"CODE_SIGN_IDENTITY[sdk=iphoneos*]" = "iPhone Developer";
				COPY_PHASE_STRIP = NO;
				DEBUG_INFORMATION_FORMAT = dwarf;
				ENABLE_STRICT_OBJC_MSGSEND = YES;
				ENABLE_TESTABILITY = YES;
				GCC_C_LANGUAGE_STANDARD = gnu99;
				GCC_DYNAMIC_NO_PIC = NO;
				GCC_NO_COMMON_BLOCKS = YES;
				GCC_OPTIMIZATION_LEVEL = 0;
				GCC_PREPROCESSOR_DEFINITIONS = (
					"DEBUG=1",
					"$(inherited)",
				);
				GCC_WARN_64_TO_32_BIT_CONVERSION = YES;
				GCC_WARN_ABOUT_RETURN_TYPE = YES_ERROR;
				GCC_WARN_UNDECLARED_SELECTOR = YES;
				GCC_WARN_UNINITIALIZED_AUTOS = YES_AGGRESSIVE;
				GCC_WARN_UNUSED_FUNCTION = YES;
				GCC_WARN_UNUSED_VARIABLE = YES;
				IPHONEOS_DEPLOYMENT_TARGET = 10.3;
				MTL_ENABLE_DEBUG_INFO = YES;
				ONLY_ACTIVE_ARCH = YES;
				SDKROOT = iphoneos;
				SWIFT_ACTIVE_COMPILATION_CONDITIONS = DEBUG;
				SWIFT_OPTIMIZATION_LEVEL = "-Onone";
				TARGETED_DEVICE_FAMILY = "1,2";
			};
			name = Debug;
		};
		B1EC98341F91966C0086A5D7 /* Release */ = {
			isa = XCBuildConfiguration;
			buildSettings = {
				ALWAYS_SEARCH_USER_PATHS = NO;
				CLANG_ANALYZER_NONNULL = YES;
				CLANG_ANALYZER_NUMBER_OBJECT_CONVERSION = YES_AGGRESSIVE;
				CLANG_CXX_LANGUAGE_STANDARD = "gnu++0x";
				CLANG_CXX_LIBRARY = "libc++";
				CLANG_ENABLE_MODULES = YES;
				CLANG_ENABLE_OBJC_ARC = YES;
				CLANG_WARN_BOOL_CONVERSION = YES;
				CLANG_WARN_CONSTANT_CONVERSION = YES;
				CLANG_WARN_DIRECT_OBJC_ISA_USAGE = YES_ERROR;
				CLANG_WARN_DOCUMENTATION_COMMENTS = YES;
				CLANG_WARN_EMPTY_BODY = YES;
				CLANG_WARN_ENUM_CONVERSION = YES;
				CLANG_WARN_INFINITE_RECURSION = YES;
				CLANG_WARN_INT_CONVERSION = YES;
				CLANG_WARN_OBJC_ROOT_CLASS = YES_ERROR;
				CLANG_WARN_SUSPICIOUS_MOVE = YES;
				CLANG_WARN_UNREACHABLE_CODE = YES;
				CLANG_WARN__DUPLICATE_METHOD_MATCH = YES;
				"CODE_SIGN_IDENTITY[sdk=iphoneos*]" = "iPhone Developer";
				COPY_PHASE_STRIP = NO;
				DEBUG_INFORMATION_FORMAT = "dwarf-with-dsym";
				ENABLE_NS_ASSERTIONS = NO;
				ENABLE_STRICT_OBJC_MSGSEND = YES;
				GCC_C_LANGUAGE_STANDARD = gnu99;
				GCC_NO_COMMON_BLOCKS = YES;
				GCC_WARN_64_TO_32_BIT_CONVERSION = YES;
				GCC_WARN_ABOUT_RETURN_TYPE = YES_ERROR;
				GCC_WARN_UNDECLARED_SELECTOR = YES;
				GCC_WARN_UNINITIALIZED_AUTOS = YES_AGGRESSIVE;
				GCC_WARN_UNUSED_FUNCTION = YES;
				GCC_WARN_UNUSED_VARIABLE = YES;
				IPHONEOS_DEPLOYMENT_TARGET = 10.3;
				MTL_ENABLE_DEBUG_INFO = NO;
				SDKROOT = iphoneos;
				SWIFT_OPTIMIZATION_LEVEL = "-Owholemodule";
				TARGETED_DEVICE_FAMILY = "1,2";
				VALIDATE_PRODUCT = YES;
			};
			name = Release;
		};
		B1EC98361F91966C0086A5D7 /* Debug */ = {
			isa = XCBuildConfiguration;
			buildSettings = {
				ASSETCATALOG_COMPILER_APPICON_NAME = AppIcon;
				DEVELOPMENT_TEAM = SXXM3YCVSK;
				INFOPLIST_FILE = TheodoliteFeed/Info.plist;
				LD_RUNPATH_SEARCH_PATHS = "$(inherited) @executable_path/Frameworks";
				PRODUCT_BUNDLE_IDENTIFIER = com.ocrickard.TheodoliteFeed;
				PRODUCT_NAME = "$(TARGET_NAME)";
				SWIFT_VERSION = 3.0;
			};
			name = Debug;
		};
		B1EC98371F91966C0086A5D7 /* Release */ = {
			isa = XCBuildConfiguration;
			buildSettings = {
				ASSETCATALOG_COMPILER_APPICON_NAME = AppIcon;
				DEVELOPMENT_TEAM = SXXM3YCVSK;
				INFOPLIST_FILE = TheodoliteFeed/Info.plist;
				LD_RUNPATH_SEARCH_PATHS = "$(inherited) @executable_path/Frameworks";
				PRODUCT_BUNDLE_IDENTIFIER = com.ocrickard.TheodoliteFeed;
				PRODUCT_NAME = "$(TARGET_NAME)";
				SWIFT_VERSION = 3.0;
			};
			name = Release;
		};
		B1EC98391F91966C0086A5D7 /* Debug */ = {
			isa = XCBuildConfiguration;
			buildSettings = {
				ALWAYS_EMBED_SWIFT_STANDARD_LIBRARIES = YES;
				BUNDLE_LOADER = "$(TEST_HOST)";
				DEVELOPMENT_TEAM = SXXM3YCVSK;
				INFOPLIST_FILE = TheodoliteFeedTests/Info.plist;
				LD_RUNPATH_SEARCH_PATHS = "$(inherited) @executable_path/Frameworks @loader_path/Frameworks";
				PRODUCT_BUNDLE_IDENTIFIER = com.ocrickard.TheodoliteFeedTests;
				PRODUCT_NAME = "$(TARGET_NAME)";
				SWIFT_VERSION = 3.0;
				TEST_HOST = "$(BUILT_PRODUCTS_DIR)/TheodoliteFeed.app/TheodoliteFeed";
			};
			name = Debug;
		};
		B1EC983A1F91966C0086A5D7 /* Release */ = {
			isa = XCBuildConfiguration;
			buildSettings = {
				ALWAYS_EMBED_SWIFT_STANDARD_LIBRARIES = YES;
				BUNDLE_LOADER = "$(TEST_HOST)";
				DEVELOPMENT_TEAM = SXXM3YCVSK;
				INFOPLIST_FILE = TheodoliteFeedTests/Info.plist;
				LD_RUNPATH_SEARCH_PATHS = "$(inherited) @executable_path/Frameworks @loader_path/Frameworks";
				PRODUCT_BUNDLE_IDENTIFIER = com.ocrickard.TheodoliteFeedTests;
				PRODUCT_NAME = "$(TARGET_NAME)";
				SWIFT_VERSION = 3.0;
				TEST_HOST = "$(BUILT_PRODUCTS_DIR)/TheodoliteFeed.app/TheodoliteFeed";
			};
			name = Release;
		};
		B1EC983C1F91966C0086A5D7 /* Debug */ = {
			isa = XCBuildConfiguration;
			buildSettings = {
				ALWAYS_EMBED_SWIFT_STANDARD_LIBRARIES = YES;
				DEVELOPMENT_TEAM = SXXM3YCVSK;
				INFOPLIST_FILE = TheodoliteFeedUITests/Info.plist;
				LD_RUNPATH_SEARCH_PATHS = "$(inherited) @executable_path/Frameworks @loader_path/Frameworks";
				PRODUCT_BUNDLE_IDENTIFIER = com.ocrickard.TheodoliteFeedUITests;
				PRODUCT_NAME = "$(TARGET_NAME)";
				SWIFT_VERSION = 3.0;
				TEST_TARGET_NAME = TheodoliteFeed;
			};
			name = Debug;
		};
		B1EC983D1F91966C0086A5D7 /* Release */ = {
			isa = XCBuildConfiguration;
			buildSettings = {
				ALWAYS_EMBED_SWIFT_STANDARD_LIBRARIES = YES;
				DEVELOPMENT_TEAM = SXXM3YCVSK;
				INFOPLIST_FILE = TheodoliteFeedUITests/Info.plist;
				LD_RUNPATH_SEARCH_PATHS = "$(inherited) @executable_path/Frameworks @loader_path/Frameworks";
				PRODUCT_BUNDLE_IDENTIFIER = com.ocrickard.TheodoliteFeedUITests;
				PRODUCT_NAME = "$(TARGET_NAME)";
				SWIFT_VERSION = 3.0;
				TEST_TARGET_NAME = TheodoliteFeed;
			};
			name = Release;
		};
/* End XCBuildConfiguration section */

/* Begin XCConfigurationList section */
		B1EC98041F91966C0086A5D7 /* Build configuration list for PBXProject "TheodoliteFeed" */ = {
			isa = XCConfigurationList;
			buildConfigurations = (
				B1EC98331F91966C0086A5D7 /* Debug */,
				B1EC98341F91966C0086A5D7 /* Release */,
			);
			defaultConfigurationIsVisible = 0;
			defaultConfigurationName = Release;
		};
		B1EC98351F91966C0086A5D7 /* Build configuration list for PBXNativeTarget "TheodoliteFeed" */ = {
			isa = XCConfigurationList;
			buildConfigurations = (
				B1EC98361F91966C0086A5D7 /* Debug */,
				B1EC98371F91966C0086A5D7 /* Release */,
			);
			defaultConfigurationIsVisible = 0;
			defaultConfigurationName = Release;
		};
		B1EC98381F91966C0086A5D7 /* Build configuration list for PBXNativeTarget "TheodoliteFeedTests" */ = {
			isa = XCConfigurationList;
			buildConfigurations = (
				B1EC98391F91966C0086A5D7 /* Debug */,
				B1EC983A1F91966C0086A5D7 /* Release */,
			);
			defaultConfigurationIsVisible = 0;
			defaultConfigurationName = Release;
		};
		B1EC983B1F91966C0086A5D7 /* Build configuration list for PBXNativeTarget "TheodoliteFeedUITests" */ = {
			isa = XCConfigurationList;
			buildConfigurations = (
				B1EC983C1F91966C0086A5D7 /* Debug */,
				B1EC983D1F91966C0086A5D7 /* Release */,
			);
			defaultConfigurationIsVisible = 0;
			defaultConfigurationName = Release;
		};
/* End XCConfigurationList section */
	};
	rootObject = B1EC98011F91966C0086A5D7 /* Project object */;
}
