// !$*UTF8*$!
{
	archiveVersion = 1;
	classes = {
	};
	objectVersion = 48;
	objects = {

/* Begin PBXBuildFile section */
		B18262611FA5685300D41A8A /* AppDelegate.swift in Sources */ = {isa = PBXBuildFile; fileRef = B18262601FA5685300D41A8A /* AppDelegate.swift */; };
		B18262631FA5685300D41A8A /* ViewController.swift in Sources */ = {isa = PBXBuildFile; fileRef = B18262621FA5685300D41A8A /* ViewController.swift */; };
		B18262661FA5685300D41A8A /* Main.storyboard in Resources */ = {isa = PBXBuildFile; fileRef = B18262641FA5685300D41A8A /* Main.storyboard */; };
		B18262681FA5685300D41A8A /* Assets.xcassets in Resources */ = {isa = PBXBuildFile; fileRef = B18262671FA5685300D41A8A /* Assets.xcassets */; };
		B182626B1FA5685300D41A8A /* LaunchScreen.storyboard in Resources */ = {isa = PBXBuildFile; fileRef = B18262691FA5685300D41A8A /* LaunchScreen.storyboard */; };
		B18262891FA56A9600D41A8A /* Theodolite.framework in Frameworks */ = {isa = PBXBuildFile; fileRef = B18262851FA56A8B00D41A8A /* Theodolite.framework */; };
		B182628A1FA56A9A00D41A8A /* Flexbox.framework in Frameworks */ = {isa = PBXBuildFile; fileRef = B182628B1FA56A9A00D41A8A /* Flexbox.framework */; };
		B18262991FA57D7300D41A8A /* Theodolite.framework in Frameworks */ = {isa = PBXBuildFile; fileRef = B18262851FA56A8B00D41A8A /* Theodolite.framework */; };
		B182629A1FA57D7300D41A8A /* Theodolite.framework in Embed Frameworks */ = {isa = PBXBuildFile; fileRef = B18262851FA56A8B00D41A8A /* Theodolite.framework */; settings = {ATTRIBUTES = (CodeSignOnCopy, RemoveHeadersOnCopy, ); }; };
		B182629E1FA57D7D00D41A8A /* Flexbox.framework in Frameworks */ = {isa = PBXBuildFile; fileRef = B182628B1FA56A9A00D41A8A /* Flexbox.framework */; };
		B182629F1FA57D7D00D41A8A /* Flexbox.framework in Embed Frameworks */ = {isa = PBXBuildFile; fileRef = B182628B1FA56A9A00D41A8A /* Flexbox.framework */; settings = {ATTRIBUTES = (CodeSignOnCopy, RemoveHeadersOnCopy, ); }; };
/* End PBXBuildFile section */

/* Begin PBXContainerItemProxy section */
		B18262841FA56A8B00D41A8A /* PBXContainerItemProxy */ = {
			isa = PBXContainerItemProxy;
			containerPortal = B182627D1FA56A8B00D41A8A /* Theodolite.xcodeproj */;
			proxyType = 2;
			remoteGlobalIDString = B136BE481F8D5741001EE264;
			remoteInfo = Theodolite;
		};
		B18262861FA56A8B00D41A8A /* PBXContainerItemProxy */ = {
			isa = PBXContainerItemProxy;
			containerPortal = B182627D1FA56A8B00D41A8A /* Theodolite.xcodeproj */;
			proxyType = 2;
			remoteGlobalIDString = B136BE511F8D5741001EE264;
			remoteInfo = TheodoliteTests;
		};
		B182629B1FA57D7300D41A8A /* PBXContainerItemProxy */ = {
			isa = PBXContainerItemProxy;
			containerPortal = B182627D1FA56A8B00D41A8A /* Theodolite.xcodeproj */;
			proxyType = 1;
			remoteGlobalIDString = B136BE471F8D5741001EE264;
			remoteInfo = Theodolite;
		};
/* End PBXContainerItemProxy section */

/* Begin PBXCopyFilesBuildPhase section */
		B182629D1FA57D7300D41A8A /* Embed Frameworks */ = {
			isa = PBXCopyFilesBuildPhase;
			buildActionMask = 2147483647;
			dstPath = "";
			dstSubfolderSpec = 10;
			files = (
				B182629A1FA57D7300D41A8A /* Theodolite.framework in Embed Frameworks */,
				B182629F1FA57D7D00D41A8A /* Flexbox.framework in Embed Frameworks */,
			);
			name = "Embed Frameworks";
			runOnlyForDeploymentPostprocessing = 0;
		};
/* End PBXCopyFilesBuildPhase section */

/* Begin PBXFileReference section */
		B182625D1FA5685300D41A8A /* TheodoliteFeed.app */ = {isa = PBXFileReference; explicitFileType = wrapper.application; includeInIndex = 0; path = TheodoliteFeed.app; sourceTree = BUILT_PRODUCTS_DIR; };
		B18262601FA5685300D41A8A /* AppDelegate.swift */ = {isa = PBXFileReference; lastKnownFileType = sourcecode.swift; path = AppDelegate.swift; sourceTree = "<group>"; };
		B18262621FA5685300D41A8A /* ViewController.swift */ = {isa = PBXFileReference; lastKnownFileType = sourcecode.swift; path = ViewController.swift; sourceTree = "<group>"; };
		B18262651FA5685300D41A8A /* Base */ = {isa = PBXFileReference; lastKnownFileType = file.storyboard; name = Base; path = Base.lproj/Main.storyboard; sourceTree = "<group>"; };
		B18262671FA5685300D41A8A /* Assets.xcassets */ = {isa = PBXFileReference; lastKnownFileType = folder.assetcatalog; path = Assets.xcassets; sourceTree = "<group>"; };
		B182626A1FA5685300D41A8A /* Base */ = {isa = PBXFileReference; lastKnownFileType = file.storyboard; name = Base; path = Base.lproj/LaunchScreen.storyboard; sourceTree = "<group>"; };
		B182626C1FA5685300D41A8A /* Info.plist */ = {isa = PBXFileReference; lastKnownFileType = text.plist.xml; path = Info.plist; sourceTree = "<group>"; };
		B182627D1FA56A8B00D41A8A /* Theodolite.xcodeproj */ = {isa = PBXFileReference; lastKnownFileType = "wrapper.pb-project"; name = Theodolite.xcodeproj; path = ../../Theodolite.xcodeproj; sourceTree = "<group>"; };
		B182628B1FA56A9A00D41A8A /* Flexbox.framework */ = {isa = PBXFileReference; explicitFileType = wrapper.framework; path = Flexbox.framework; sourceTree = BUILT_PRODUCTS_DIR; };
/* End PBXFileReference section */

/* Begin PBXFrameworksBuildPhase section */
		B182625A1FA5685300D41A8A /* Frameworks */ = {
			isa = PBXFrameworksBuildPhase;
			buildActionMask = 2147483647;
			files = (
				B18262991FA57D7300D41A8A /* Theodolite.framework in Frameworks */,
				B182629E1FA57D7D00D41A8A /* Flexbox.framework in Frameworks */,
				B182628A1FA56A9A00D41A8A /* Flexbox.framework in Frameworks */,
				B18262891FA56A9600D41A8A /* Theodolite.framework in Frameworks */,
			);
			runOnlyForDeploymentPostprocessing = 0;
		};
/* End PBXFrameworksBuildPhase section */

/* Begin PBXGroup section */
		B18262541FA5685300D41A8A = {
			isa = PBXGroup;
			children = (
				B182625F1FA5685300D41A8A /* TheodoliteFeed */,
				B182625E1FA5685300D41A8A /* Products */,
				B182627D1FA56A8B00D41A8A /* Theodolite.xcodeproj */,
				B18262881FA56A9600D41A8A /* Frameworks */,
			);
			sourceTree = "<group>";
		};
		B182625E1FA5685300D41A8A /* Products */ = {
			isa = PBXGroup;
			children = (
				B182625D1FA5685300D41A8A /* TheodoliteFeed.app */,
			);
			name = Products;
			sourceTree = "<group>";
		};
		B182625F1FA5685300D41A8A /* TheodoliteFeed */ = {
			isa = PBXGroup;
			children = (
				B18262601FA5685300D41A8A /* AppDelegate.swift */,
				B18262621FA5685300D41A8A /* ViewController.swift */,
				B18262641FA5685300D41A8A /* Main.storyboard */,
				B18262671FA5685300D41A8A /* Assets.xcassets */,
				B18262691FA5685300D41A8A /* LaunchScreen.storyboard */,
				B182626C1FA5685300D41A8A /* Info.plist */,
			);
			path = TheodoliteFeed;
			sourceTree = "<group>";
		};
		B182627E1FA56A8B00D41A8A /* Products */ = {
			isa = PBXGroup;
			children = (
				B18262851FA56A8B00D41A8A /* Theodolite.framework */,
				B18262871FA56A8B00D41A8A /* TheodoliteTests.xctest */,
			);
			name = Products;
			sourceTree = "<group>";
		};
		B18262881FA56A9600D41A8A /* Frameworks */ = {
			isa = PBXGroup;
			children = (
				B182628B1FA56A9A00D41A8A /* Flexbox.framework */,
			);
			name = Frameworks;
			sourceTree = "<group>";
		};
/* End PBXGroup section */

/* Begin PBXNativeTarget section */
		B182625C1FA5685300D41A8A /* TheodoliteFeed */ = {
			isa = PBXNativeTarget;
			buildConfigurationList = B182626F1FA5685300D41A8A /* Build configuration list for PBXNativeTarget "TheodoliteFeed" */;
			buildPhases = (
				B18262591FA5685300D41A8A /* Sources */,
				B182625A1FA5685300D41A8A /* Frameworks */,
				B182625B1FA5685300D41A8A /* Resources */,
				B182629D1FA57D7300D41A8A /* Embed Frameworks */,
			);
			buildRules = (
			);
			dependencies = (
				B182629C1FA57D7300D41A8A /* PBXTargetDependency */,
			);
			name = TheodoliteFeed;
			productName = TheodoliteFeed;
			productReference = B182625D1FA5685300D41A8A /* TheodoliteFeed.app */;
			productType = "com.apple.product-type.application";
		};
/* End PBXNativeTarget section */

/* Begin PBXProject section */
		B18262551FA5685300D41A8A /* Project object */ = {
			isa = PBXProject;
			attributes = {
				LastSwiftUpdateCheck = 0900;
				LastUpgradeCheck = 0900;
				ORGANIZATIONNAME = "Oliver Rickard";
				TargetAttributes = {
					B182625C1FA5685300D41A8A = {
						CreatedOnToolsVersion = 9.0.1;
						ProvisioningStyle = Automatic;
					};
				};
			};
			buildConfigurationList = B18262581FA5685300D41A8A /* Build configuration list for PBXProject "TheodoliteFeed" */;
			compatibilityVersion = "Xcode 8.0";
			developmentRegion = en;
			hasScannedForEncodings = 0;
			knownRegions = (
				en,
				Base,
			);
			mainGroup = B18262541FA5685300D41A8A;
			productRefGroup = B182625E1FA5685300D41A8A /* Products */;
			projectDirPath = "";
			projectReferences = (
				{
					ProductGroup = B182627E1FA56A8B00D41A8A /* Products */;
					ProjectRef = B182627D1FA56A8B00D41A8A /* Theodolite.xcodeproj */;
				},
			);
			projectRoot = "";
			targets = (
				B182625C1FA5685300D41A8A /* TheodoliteFeed */,
			);
		};
/* End PBXProject section */

/* Begin PBXReferenceProxy section */
		B18262851FA56A8B00D41A8A /* Theodolite.framework */ = {
			isa = PBXReferenceProxy;
			fileType = wrapper.framework;
			path = Theodolite.framework;
			remoteRef = B18262841FA56A8B00D41A8A /* PBXContainerItemProxy */;
			sourceTree = BUILT_PRODUCTS_DIR;
		};
		B18262871FA56A8B00D41A8A /* TheodoliteTests.xctest */ = {
			isa = PBXReferenceProxy;
			fileType = wrapper.cfbundle;
			path = TheodoliteTests.xctest;
			remoteRef = B18262861FA56A8B00D41A8A /* PBXContainerItemProxy */;
			sourceTree = BUILT_PRODUCTS_DIR;
		};
/* End PBXReferenceProxy section */

/* Begin PBXResourcesBuildPhase section */
		B182625B1FA5685300D41A8A /* Resources */ = {
			isa = PBXResourcesBuildPhase;
			buildActionMask = 2147483647;
			files = (
				B182626B1FA5685300D41A8A /* LaunchScreen.storyboard in Resources */,
				B18262681FA5685300D41A8A /* Assets.xcassets in Resources */,
				B18262661FA5685300D41A8A /* Main.storyboard in Resources */,
			);
			runOnlyForDeploymentPostprocessing = 0;
		};
/* End PBXResourcesBuildPhase section */

/* Begin PBXSourcesBuildPhase section */
		B18262591FA5685300D41A8A /* Sources */ = {
			isa = PBXSourcesBuildPhase;
			buildActionMask = 2147483647;
			files = (
				B18262631FA5685300D41A8A /* ViewController.swift in Sources */,
				B18262611FA5685300D41A8A /* AppDelegate.swift in Sources */,
			);
			runOnlyForDeploymentPostprocessing = 0;
		};
/* End PBXSourcesBuildPhase section */

/* Begin PBXTargetDependency section */
		B182629C1FA57D7300D41A8A /* PBXTargetDependency */ = {
			isa = PBXTargetDependency;
			name = Theodolite;
			targetProxy = B182629B1FA57D7300D41A8A /* PBXContainerItemProxy */;
		};
/* End PBXTargetDependency section */

/* Begin PBXVariantGroup section */
		B18262641FA5685300D41A8A /* Main.storyboard */ = {
			isa = PBXVariantGroup;
			children = (
				B18262651FA5685300D41A8A /* Base */,
			);
			name = Main.storyboard;
			sourceTree = "<group>";
		};
		B18262691FA5685300D41A8A /* LaunchScreen.storyboard */ = {
			isa = PBXVariantGroup;
			children = (
				B182626A1FA5685300D41A8A /* Base */,
			);
			name = LaunchScreen.storyboard;
			sourceTree = "<group>";
		};
/* End PBXVariantGroup section */

/* Begin XCBuildConfiguration section */
		B182626D1FA5685300D41A8A /* Debug */ = {
			isa = XCBuildConfiguration;
			buildSettings = {
				ALWAYS_SEARCH_USER_PATHS = NO;
				CLANG_ANALYZER_NONNULL = YES;
				CLANG_ANALYZER_NUMBER_OBJECT_CONVERSION = YES_AGGRESSIVE;
				CLANG_CXX_LANGUAGE_STANDARD = "gnu++14";
				CLANG_CXX_LIBRARY = "libc++";
				CLANG_ENABLE_MODULES = YES;
				CLANG_ENABLE_OBJC_ARC = YES;
				CLANG_WARN_BLOCK_CAPTURE_AUTORELEASING = YES;
				CLANG_WARN_BOOL_CONVERSION = YES;
				CLANG_WARN_COMMA = YES;
				CLANG_WARN_CONSTANT_CONVERSION = YES;
				CLANG_WARN_DIRECT_OBJC_ISA_USAGE = YES_ERROR;
				CLANG_WARN_DOCUMENTATION_COMMENTS = YES;
				CLANG_WARN_EMPTY_BODY = YES;
				CLANG_WARN_ENUM_CONVERSION = YES;
				CLANG_WARN_INFINITE_RECURSION = YES;
				CLANG_WARN_INT_CONVERSION = YES;
				CLANG_WARN_NON_LITERAL_NULL_CONVERSION = YES;
				CLANG_WARN_OBJC_LITERAL_CONVERSION = YES;
				CLANG_WARN_OBJC_ROOT_CLASS = YES_ERROR;
				CLANG_WARN_RANGE_LOOP_ANALYSIS = YES;
				CLANG_WARN_STRICT_PROTOTYPES = YES;
				CLANG_WARN_SUSPICIOUS_MOVE = YES;
				CLANG_WARN_UNGUARDED_AVAILABILITY = YES_AGGRESSIVE;
				CLANG_WARN_UNREACHABLE_CODE = YES;
				CLANG_WARN__DUPLICATE_METHOD_MATCH = YES;
				CODE_SIGN_IDENTITY = "iPhone Developer";
				COPY_PHASE_STRIP = NO;
				DEBUG_INFORMATION_FORMAT = dwarf;
				ENABLE_STRICT_OBJC_MSGSEND = YES;
				ENABLE_TESTABILITY = YES;
				GCC_C_LANGUAGE_STANDARD = gnu11;
				GCC_DYNAMIC_NO_PIC = NO;
				GCC_NO_COMMON_BLOCKS = YES;
				GCC_OPTIMIZATION_LEVEL = 0;
				GCC_PREPROCESSOR_DEFINITIONS = (
					"DEBUG=1",
					"$(inherited)",
				);
				GCC_WARN_64_TO_32_BIT_CONVERSION = YES;
				GCC_WARN_ABOUT_RETURN_TYPE = YES_ERROR;
				GCC_WARN_UNDECLARED_SELECTOR = YES;
				GCC_WARN_UNINITIALIZED_AUTOS = YES_AGGRESSIVE;
				GCC_WARN_UNUSED_FUNCTION = YES;
				GCC_WARN_UNUSED_VARIABLE = YES;
				IPHONEOS_DEPLOYMENT_TARGET = 11.0;
				MTL_ENABLE_DEBUG_INFO = YES;
				ONLY_ACTIVE_ARCH = YES;
				SDKROOT = iphoneos;
				SWIFT_ACTIVE_COMPILATION_CONDITIONS = DEBUG;
				SWIFT_OPTIMIZATION_LEVEL = "-Onone";
			};
			name = Debug;
		};
		B182626E1FA5685300D41A8A /* Release */ = {
			isa = XCBuildConfiguration;
			buildSettings = {
				ALWAYS_SEARCH_USER_PATHS = NO;
				CLANG_ANALYZER_NONNULL = YES;
				CLANG_ANALYZER_NUMBER_OBJECT_CONVERSION = YES_AGGRESSIVE;
				CLANG_CXX_LANGUAGE_STANDARD = "gnu++14";
				CLANG_CXX_LIBRARY = "libc++";
				CLANG_ENABLE_MODULES = YES;
				CLANG_ENABLE_OBJC_ARC = YES;
				CLANG_WARN_BLOCK_CAPTURE_AUTORELEASING = YES;
				CLANG_WARN_BOOL_CONVERSION = YES;
				CLANG_WARN_COMMA = YES;
				CLANG_WARN_CONSTANT_CONVERSION = YES;
				CLANG_WARN_DIRECT_OBJC_ISA_USAGE = YES_ERROR;
				CLANG_WARN_DOCUMENTATION_COMMENTS = YES;
				CLANG_WARN_EMPTY_BODY = YES;
				CLANG_WARN_ENUM_CONVERSION = YES;
				CLANG_WARN_INFINITE_RECURSION = YES;
				CLANG_WARN_INT_CONVERSION = YES;
				CLANG_WARN_NON_LITERAL_NULL_CONVERSION = YES;
				CLANG_WARN_OBJC_LITERAL_CONVERSION = YES;
				CLANG_WARN_OBJC_ROOT_CLASS = YES_ERROR;
				CLANG_WARN_RANGE_LOOP_ANALYSIS = YES;
				CLANG_WARN_STRICT_PROTOTYPES = YES;
				CLANG_WARN_SUSPICIOUS_MOVE = YES;
				CLANG_WARN_UNGUARDED_AVAILABILITY = YES_AGGRESSIVE;
				CLANG_WARN_UNREACHABLE_CODE = YES;
				CLANG_WARN__DUPLICATE_METHOD_MATCH = YES;
				CODE_SIGN_IDENTITY = "iPhone Developer";
				COPY_PHASE_STRIP = NO;
				DEBUG_INFORMATION_FORMAT = "dwarf-with-dsym";
				ENABLE_NS_ASSERTIONS = NO;
				ENABLE_STRICT_OBJC_MSGSEND = YES;
				GCC_C_LANGUAGE_STANDARD = gnu11;
				GCC_NO_COMMON_BLOCKS = YES;
				GCC_WARN_64_TO_32_BIT_CONVERSION = YES;
				GCC_WARN_ABOUT_RETURN_TYPE = YES_ERROR;
				GCC_WARN_UNDECLARED_SELECTOR = YES;
				GCC_WARN_UNINITIALIZED_AUTOS = YES_AGGRESSIVE;
				GCC_WARN_UNUSED_FUNCTION = YES;
				GCC_WARN_UNUSED_VARIABLE = YES;
				IPHONEOS_DEPLOYMENT_TARGET = 11.0;
				MTL_ENABLE_DEBUG_INFO = NO;
				SDKROOT = iphoneos;
				SWIFT_OPTIMIZATION_LEVEL = "-Owholemodule";
				VALIDATE_PRODUCT = YES;
			};
			name = Release;
		};
		B18262701FA5685300D41A8A /* Debug */ = {
			isa = XCBuildConfiguration;
			buildSettings = {
				ALWAYS_EMBED_SWIFT_STANDARD_LIBRARIES = YES;
				ASSETCATALOG_COMPILER_APPICON_NAME = AppIcon;
				CODE_SIGN_STYLE = Automatic;
				DEVELOPMENT_TEAM = SXXM3YCVSK;
				INFOPLIST_FILE = TheodoliteFeed/Info.plist;
				LD_RUNPATH_SEARCH_PATHS = "$(inherited) @executable_path/Frameworks";
				PRODUCT_BUNDLE_IDENTIFIER = com.ocrickard.TheodoliteFeed;
				PRODUCT_NAME = "$(TARGET_NAME)";
				SWIFT_VERSION = 4.0;
				TARGETED_DEVICE_FAMILY = "1,2";
			};
			name = Debug;
		};
		B18262711FA5685300D41A8A /* Release */ = {
			isa = XCBuildConfiguration;
			buildSettings = {
				ALWAYS_EMBED_SWIFT_STANDARD_LIBRARIES = YES;
				ASSETCATALOG_COMPILER_APPICON_NAME = AppIcon;
				CODE_SIGN_STYLE = Automatic;
				DEVELOPMENT_TEAM = SXXM3YCVSK;
				INFOPLIST_FILE = TheodoliteFeed/Info.plist;
				LD_RUNPATH_SEARCH_PATHS = "$(inherited) @executable_path/Frameworks";
				PRODUCT_BUNDLE_IDENTIFIER = com.ocrickard.TheodoliteFeed;
				PRODUCT_NAME = "$(TARGET_NAME)";
				SWIFT_VERSION = 4.0;
				TARGETED_DEVICE_FAMILY = "1,2";
			};
			name = Release;
		};
/* End XCBuildConfiguration section */

/* Begin XCConfigurationList section */
		B18262581FA5685300D41A8A /* Build configuration list for PBXProject "TheodoliteFeed" */ = {
			isa = XCConfigurationList;
			buildConfigurations = (
				B182626D1FA5685300D41A8A /* Debug */,
				B182626E1FA5685300D41A8A /* Release */,
			);
			defaultConfigurationIsVisible = 0;
			defaultConfigurationName = Release;
		};
		B182626F1FA5685300D41A8A /* Build configuration list for PBXNativeTarget "TheodoliteFeed" */ = {
			isa = XCConfigurationList;
			buildConfigurations = (
				B18262701FA5685300D41A8A /* Debug */,
				B18262711FA5685300D41A8A /* Release */,
			);
			defaultConfigurationIsVisible = 0;
			defaultConfigurationName = Release;
		};
/* End XCConfigurationList section */
	};
	rootObject = B18262551FA5685300D41A8A /* Project object */;
}
